// !$*UTF8*$!
{
	archiveVersion = 1;
	classes = {
	};
	objectVersion = 56;
	objects = {

/* Begin PBXBuildFile section */
		1C7C7564E40CE32E7EEE41D7 /* QuizletImportService.swift in Sources */ = {isa = PBXBuildFile; fileRef = 02A44E4579757FFA9816BECB /* QuizletImportService.swift */; };
		40738F352F62B56A0085DF60 /* Lottie in Frameworks */ = {isa = PBXBuildFile; productRef = C0A200022F61000000000011 /* Lottie */; };
		40738F372F62BB6A0085DF60 /* hourglass.lottie in Resources */ = {isa = PBXBuildFile; fileRef = 40738F362F62BB6A0085DF60 /* hourglass.lottie */; };
		407C18352F62D1B700A932E5 /* sademotion.lottie in Resources */ = {isa = PBXBuildFile; fileRef = 407C18342F62D1B700A932E5 /* sademotion.lottie */; };
		407C18372F62DDC200A932E5 /* shortcut-setup-tutorial.MP4 in Resources */ = {isa = PBXBuildFile; fileRef = 407C18362F62DDC200A932E5 /* shortcut-setup-tutorial.MP4 */; };
		407C18382F62DDC200A932E5 /* shortcut-setup-tutorial.MP4 in Resources */ = {isa = PBXBuildFile; fileRef = 407C18362F62DDC200A932E5 /* shortcut-setup-tutorial.MP4 */; };
		407C18392F62DDC200A932E5 /* shortcut-setup-tutorial.MP4 in Resources */ = {isa = PBXBuildFile; fileRef = 407C18362F62DDC200A932E5 /* shortcut-setup-tutorial.MP4 */; };
		407C183B2F62DFC500A932E5 /* UnlockMethodChoiceView.swift in Sources */ = {isa = PBXBuildFile; fileRef = 407C183A2F62DFC500A932E5 /* UnlockMethodChoiceView.swift */; };
		40957BF72F6D1119005CC829 /* Singular in Frameworks */ = {isa = PBXBuildFile; productRef = 40957BF62F6D1119005CC829 /* Singular */; settings = {ATTRIBUTES = (Required, ); }; };
		40957BFC2F6D15CF005CC829 /* libsqlite3.tbd in Frameworks */ = {isa = PBXBuildFile; fileRef = 40957BFB2F6D15AF005CC829 /* libsqlite3.tbd */; };
		40E9058A2F3B73A000F8F5C0 /* StrictnessLevel.swift in Sources */ = {isa = PBXBuildFile; fileRef = 40E905832F3B73A000F8F5C0 /* StrictnessLevel.swift */; };
		40E9058B2F3B73A000F8F5C0 /* GazeSignal.swift in Sources */ = {isa = PBXBuildFile; fileRef = 40E905822F3B73A000F8F5C0 /* GazeSignal.swift */; };
		40E9058C2F3B73A000F8F5C0 /* FocusCalibration.swift in Sources */ = {isa = PBXBuildFile; fileRef = 40E9057D2F3B73A000F8F5C0 /* FocusCalibration.swift */; };
		40E9058D2F3B73A000F8F5C0 /* FocusStateMachine.swift in Sources */ = {isa = PBXBuildFile; fileRef = 40E905812F3B73A000F8F5C0 /* FocusStateMachine.swift */; };
		40E9058E2F3B73A000F8F5C0 /* FocusDetectionManager.swift in Sources */ = {isa = PBXBuildFile; fileRef = 40E9057E2F3B73A000F8F5C0 /* FocusDetectionManager.swift */; };
		40E9058F2F3B73A000F8F5C0 /* FocusSignal.swift in Sources */ = {isa = PBXBuildFile; fileRef = 40E905802F3B73A000F8F5C0 /* FocusSignal.swift */; };
		40E905902F3B73A000F8F5C0 /* FocusEngine.swift in Sources */ = {isa = PBXBuildFile; fileRef = 40E9057F2F3B73A000F8F5C0 /* FocusEngine.swift */; };
		40E905912F3B73A000F8F5C0 /* CameraPreviewView.swift in Sources */ = {isa = PBXBuildFile; fileRef = 40E905852F3B73A000F8F5C0 /* CameraPreviewView.swift */; };
		40E905922F3B73A000F8F5C0 /* FocusSessionView.swift in Sources */ = {isa = PBXBuildFile; fileRef = 40E905862F3B73A000F8F5C0 /* FocusSessionView.swift */; };
		40E905932F3B73A000F8F5C0 /* PomodoroTimer.swift in Sources */ = {isa = PBXBuildFile; fileRef = 40E905872F3B73A000F8F5C0 /* PomodoroTimer.swift */; };
		40EA4E8D2E6EEC99007E13C7 /* BuyBackView.swift in Sources */ = {isa = PBXBuildFile; fileRef = 40EA4E8C2E6EEC85007E13C7 /* BuyBackView.swift */; };
		540B9C0ED0C96789456F2558 /* YouTubeTranscriptService.swift in Sources */ = {isa = PBXBuildFile; fileRef = ACB385E73B48F7FBA315B9B5 /* YouTubeTranscriptService.swift */; };
		6B04F7252DA83BED00694451 /* LongTermResults.swift in Sources */ = {isa = PBXBuildFile; fileRef = 6B04F7242DA83BED00694451 /* LongTermResults.swift */; };
		6B04F7272DA8599B00694451 /* RatingView.swift in Sources */ = {isa = PBXBuildFile; fileRef = 6B04F7262DA8599B00694451 /* RatingView.swift */; };
		6B04F7292DA85EAD00694451 /* StudyTwiceView.swift in Sources */ = {isa = PBXBuildFile; fileRef = 6B04F7282DA85EAD00694451 /* StudyTwiceView.swift */; };
		6B04F72B2DA863B700694451 /* StudyGuardReadyView.swift in Sources */ = {isa = PBXBuildFile; fileRef = 6B04F72A2DA863B700694451 /* StudyGuardReadyView.swift */; };
		6B08017F2D7C2E6A0036C895 /* UnlockView.swift in Sources */ = {isa = PBXBuildFile; fileRef = 6B08017E2D7C2E6A0036C895 /* UnlockView.swift */; };
		6B22E8522D48CDD2003A5685 /* RegretView.swift in Sources */ = {isa = PBXBuildFile; fileRef = 6B22E8512D48CDD2003A5685 /* RegretView.swift */; };
		6B22E8542D48CEB6003A5685 /* CustomColor.swift in Sources */ = {isa = PBXBuildFile; fileRef = 6B22E8532D48CEB6003A5685 /* CustomColor.swift */; };
		6B22E8592D48D0FB003A5685 /* RegretReportView.swift in Sources */ = {isa = PBXBuildFile; fileRef = 6B22E8582D48D0FB003A5685 /* RegretReportView.swift */; };
		6B22E85B2D48D155003A5685 /* RegretGuard.swift in Sources */ = {isa = PBXBuildFile; fileRef = 6B22E85A2D48D155003A5685 /* RegretGuard.swift */; };
		6B22E85D2D48D984003A5685 /* RegretGuardInstructionSheet.swift in Sources */ = {isa = PBXBuildFile; fileRef = 6B22E85C2D48D984003A5685 /* RegretGuardInstructionSheet.swift */; };
		6B22E85F2D48EA5F003A5685 /* MeshGradient.swift in Sources */ = {isa = PBXBuildFile; fileRef = 6B22E85E2D48EA5F003A5685 /* MeshGradient.swift */; };
		6B22E8612D490092003A5685 /* RegretGuardApps.swift in Sources */ = {isa = PBXBuildFile; fileRef = 6B22E8602D490092003A5685 /* RegretGuardApps.swift */; };
		6B22E8632D490126003A5685 /* RegretGuardViewModel.swift in Sources */ = {isa = PBXBuildFile; fileRef = 6B22E8622D490126003A5685 /* RegretGuardViewModel.swift */; };
		6B22E8672D4910B3003A5685 /* RegretEditorSheet.swift in Sources */ = {isa = PBXBuildFile; fileRef = 6B22E8662D4910B3003A5685 /* RegretEditorSheet.swift */; };
		6B22E8692D4A17A2003A5685 /* RegretViewModel.swift in Sources */ = {isa = PBXBuildFile; fileRef = 6B22E8682D4A17A2003A5685 /* RegretViewModel.swift */; };
		6B22E8822D4A1D78003A5685 /* RegretGuardIntentExtension.swift in Sources */ = {isa = PBXBuildFile; fileRef = 6B22E8812D4A1D78003A5685 /* RegretGuardIntentExtension.swift */; };
		6B22E8842D4A1D78003A5685 /* RegretGuardIntent.swift in Sources */ = {isa = PBXBuildFile; fileRef = 6B22E8832D4A1D78003A5685 /* RegretGuardIntent.swift */; };
		6B22E8882D4A1D78003A5685 /* RegretGuardIntent.appex in Embed ExtensionKit Extensions */ = {isa = PBXBuildFile; fileRef = 6B22E87F2D4A1D78003A5685 /* RegretGuardIntent.appex */; settings = {ATTRIBUTES = (RemoveHeadersOnCopy, ); }; };
		6B22E8952D4C081C003A5685 /* OpenGuardIntentExtension.swift in Sources */ = {isa = PBXBuildFile; fileRef = 6B22E8942D4C081C003A5685 /* OpenGuardIntentExtension.swift */; };
		6B22E89B2D4C081C003A5685 /* OpenGuardIntent.appex in Embed ExtensionKit Extensions */ = {isa = PBXBuildFile; fileRef = 6B22E8922D4C081C003A5685 /* OpenGuardIntent.appex */; settings = {ATTRIBUTES = (RemoveHeadersOnCopy, ); }; };
		6B22E8A32D4CA96A003A5685 /* NavigationModel.swift in Sources */ = {isa = PBXBuildFile; fileRef = 6B22E8A22D4CA96A003A5685 /* NavigationModel.swift */; };
		6B22E8A42D4CA96A003A5685 /* NavigationModel.swift in Sources */ = {isa = PBXBuildFile; fileRef = 6B22E8A22D4CA96A003A5685 /* NavigationModel.swift */; };
		6B22E8A52D4CA96A003A5685 /* NavigationModel.swift in Sources */ = {isa = PBXBuildFile; fileRef = 6B22E8A22D4CA96A003A5685 /* NavigationModel.swift */; };
		6B2B70CD2D5CFA59008D2884 /* RegretStore.swift in Sources */ = {isa = PBXBuildFile; fileRef = 6B2B70CC2D5CFA59008D2884 /* RegretStore.swift */; };
		6B2D5F952D779F6400009417 /* LockView.swift in Sources */ = {isa = PBXBuildFile; fileRef = 6B2D5F942D779F6400009417 /* LockView.swift */; };
		6B2DACD32D770543005B062D /* NewFlashcardSheet.swift in Sources */ = {isa = PBXBuildFile; fileRef = 6B2DACD22D770543005B062D /* NewFlashcardSheet.swift */; };
		6B45F2E62DADB48E0053351D /* RevenueCat in Frameworks */ = {isa = PBXBuildFile; productRef = 6B45F2E52DADB48E0053351D /* RevenueCat */; };
		6B45F2E82DADB48E0053351D /* RevenueCatUI in Frameworks */ = {isa = PBXBuildFile; productRef = 6B45F2E72DADB48E0053351D /* RevenueCatUI */; };
		6B45F2EA2F6400010053351D /* AdServices.framework in Frameworks */ = {isa = PBXBuildFile; fileRef = 6B45F2E92F6400010053351D /* AdServices.framework */; settings = {ATTRIBUTES = (Weak, ); }; };
		6B45F2EC2F6400020053351D /* AdSupport.framework in Frameworks */ = {isa = PBXBuildFile; fileRef = 6B45F2EB2F6400020053351D /* AdSupport.framework */; };
		6B531BAF2DAD249900663511 /* StoreKit.framework in Frameworks */ = {isa = PBXBuildFile; fileRef = 6B531BAE2DAD249900663511 /* StoreKit.framework */; };
		6B706FBC2DFB2574004743C9 /* dog-side-eye.mp4 in Resources */ = {isa = PBXBuildFile; fileRef = 6B706FBB2DFB2574004743C9 /* dog-side-eye.mp4 */; };
		6B706FBD2DFB2574004743C9 /* dog-side-eye.mp4 in Resources */ = {isa = PBXBuildFile; fileRef = 6B706FBB2DFB2574004743C9 /* dog-side-eye.mp4 */; };
		6B706FBE2DFB2574004743C9 /* dog-side-eye.mp4 in Resources */ = {isa = PBXBuildFile; fileRef = 6B706FBB2DFB2574004743C9 /* dog-side-eye.mp4 */; };
		6B706FC02DFB283F004743C9 /* AnimationType.swift in Sources */ = {isa = PBXBuildFile; fileRef = 6B706FBF2DFB283F004743C9 /* AnimationType.swift */; };
		6B706FC12DFB283F004743C9 /* AnimationType.swift in Sources */ = {isa = PBXBuildFile; fileRef = 6B706FBF2DFB283F004743C9 /* AnimationType.swift */; };
		6B706FC22DFB283F004743C9 /* AnimationType.swift in Sources */ = {isa = PBXBuildFile; fileRef = 6B706FBF2DFB283F004743C9 /* AnimationType.swift */; };
		6B706FC42DFB285F004743C9 /* MemeVideoView.swift in Sources */ = {isa = PBXBuildFile; fileRef = 6B706FC32DFB285F004743C9 /* MemeVideoView.swift */; };
		6B706FC52DFB285F004743C9 /* MemeVideoView.swift in Sources */ = {isa = PBXBuildFile; fileRef = 6B706FC32DFB285F004743C9 /* MemeVideoView.swift */; };
		6B706FC62DFB285F004743C9 /* MemeVideoView.swift in Sources */ = {isa = PBXBuildFile; fileRef = 6B706FC32DFB285F004743C9 /* MemeVideoView.swift */; };
		6B706FC82DFB2880004743C9 /* AnimationOptionRow.swift in Sources */ = {isa = PBXBuildFile; fileRef = 6B706FC72DFB2880004743C9 /* AnimationOptionRow.swift */; };
		6B706FC92DFB2880004743C9 /* AnimationOptionRow.swift in Sources */ = {isa = PBXBuildFile; fileRef = 6B706FC72DFB2880004743C9 /* AnimationOptionRow.swift */; };
		6B706FCA2DFB2880004743C9 /* AnimationOptionRow.swift in Sources */ = {isa = PBXBuildFile; fileRef = 6B706FC72DFB2880004743C9 /* AnimationOptionRow.swift */; };
		6B706FCE2DFB2AB3004743C9 /* ColorExtension.swift in Sources */ = {isa = PBXBuildFile; fileRef = 6B706FCD2DFB2AB3004743C9 /* ColorExtension.swift */; };
		6B706FCF2DFB2AB3004743C9 /* ColorExtension.swift in Sources */ = {isa = PBXBuildFile; fileRef = 6B706FCD2DFB2AB3004743C9 /* ColorExtension.swift */; };
		6B706FD02DFB2AB3004743C9 /* ColorExtension.swift in Sources */ = {isa = PBXBuildFile; fileRef = 6B706FCD2DFB2AB3004743C9 /* ColorExtension.swift */; };
		6B74330D2DB19E5F0007270C /* Secrets.xcconfig in Resources */ = {isa = PBXBuildFile; fileRef = 6B74330C2DB19E5F0007270C /* Secrets.xcconfig */; };
		6B74330E2DB19E5F0007270C /* Secrets.xcconfig in Resources */ = {isa = PBXBuildFile; fileRef = 6B74330C2DB19E5F0007270C /* Secrets.xcconfig */; };
		6B74330F2DB19E5F0007270C /* Secrets.xcconfig in Resources */ = {isa = PBXBuildFile; fileRef = 6B74330C2DB19E5F0007270C /* Secrets.xcconfig */; };
		6B774E632DA9003A0048A97E /* AppSelectionOnboarding.swift in Sources */ = {isa = PBXBuildFile; fileRef = 6B774E622DA9003A0048A97E /* AppSelectionOnboarding.swift */; };
		6B79AC332DEC91080039F063 /* PayWallView.swift in Sources */ = {isa = PBXBuildFile; fileRef = 6B79AC322DEC91080039F063 /* PayWallView.swift */; };
		6B79AC352DEC92000039F063 /* FreeTrialReminderView.swift in Sources */ = {isa = PBXBuildFile; fileRef = 6B79AC342DEC92000039F063 /* FreeTrialReminderView.swift */; };
		6B7CD4DC2D509E2D0065A0F7 /* WelcomeView.swift in Sources */ = {isa = PBXBuildFile; fileRef = 6B7CD4DB2D509E2D0065A0F7 /* WelcomeView.swift */; };
		6B7CD4DE2D509FFE0065A0F7 /* AverageScreenTime.swift in Sources */ = {isa = PBXBuildFile; fileRef = 6B7CD4DD2D509FFE0065A0F7 /* AverageScreenTime.swift */; };
		6B7CD4E02D50A5320065A0F7 /* AvgScreenTimeModel.swift in Sources */ = {isa = PBXBuildFile; fileRef = 6B7CD4DF2D50A5320065A0F7 /* AvgScreenTimeModel.swift */; };
		6B7CD4E22D50A5510065A0F7 /* AvgScreenTimeViewModel.swift in Sources */ = {isa = PBXBuildFile; fileRef = 6B7CD4E12D50A5510065A0F7 /* AvgScreenTimeViewModel.swift */; };
		6B7CD4E42D50A7380065A0F7 /* AgeSelectView.swift in Sources */ = {isa = PBXBuildFile; fileRef = 6B7CD4E32D50A7380065A0F7 /* AgeSelectView.swift */; };
		6B7CD4E62D50BD5B0065A0F7 /* NameView.swift in Sources */ = {isa = PBXBuildFile; fileRef = 6B7CD4E52D50BD5B0065A0F7 /* NameView.swift */; };
		6B7CD4E82D50BE340065A0F7 /* NameViewModel.swift in Sources */ = {isa = PBXBuildFile; fileRef = 6B7CD4E72D50BE340065A0F7 /* NameViewModel.swift */; };
		6B7CD4EA2D50C00F0065A0F7 /* BreakdownView.swift in Sources */ = {isa = PBXBuildFile; fileRef = 6B7CD4E92D50C00F0065A0F7 /* BreakdownView.swift */; };
		6B7CD4EC2D50C5650065A0F7 /* WecanhelpView.swift in Sources */ = {isa = PBXBuildFile; fileRef = 6B7CD4EB2D50C5650065A0F7 /* WecanhelpView.swift */; };
		6B7CD4F02D50CBAA0065A0F7 /* RegretQuestionView.swift in Sources */ = {isa = PBXBuildFile; fileRef = 6B7CD4EF2D50CBAA0065A0F7 /* RegretQuestionView.swift */; };
		6B7CD4F22D50CD5F0065A0F7 /* CompletionView.swift in Sources */ = {isa = PBXBuildFile; fileRef = 6B7CD4F12D50CD5F0065A0F7 /* CompletionView.swift */; };
		6B7CD4F42D50DAE20065A0F7 /* OnboardingViewModel.swift in Sources */ = {isa = PBXBuildFile; fileRef = 6B7CD4F32D50DAE20065A0F7 /* OnboardingViewModel.swift */; };
		6B7CD4F62D50DB000065A0F7 /* OnboardingView.swift in Sources */ = {isa = PBXBuildFile; fileRef = 6B7CD4F52D50DB000065A0F7 /* OnboardingView.swift */; };
		6B811F562D840B6B00BF9F3F /* AutoGenerateFlashcardSheet.swift in Sources */ = {isa = PBXBuildFile; fileRef = 6B811F552D840B6B00BF9F3F /* AutoGenerateFlashcardSheet.swift */; };
		6B8D6B9B2D4CE14600753EB4 /* OpenGuardIntent.swift in Sources */ = {isa = PBXBuildFile; fileRef = 6B22E8962D4C081C003A5685 /* OpenGuardIntent.swift */; };
		6B9D89C52D3552E000DE8B2E /* diewithoutregretsApp.swift in Sources */ = {isa = PBXBuildFile; fileRef = 6B9D89C42D3552E000DE8B2E /* diewithoutregretsApp.swift */; };
		6B9D89C72D3552E000DE8B2E /* ContentView.swift in Sources */ = {isa = PBXBuildFile; fileRef = 6B9D89C62D3552E000DE8B2E /* ContentView.swift */; };
		6B9D89C92D3552E600DE8B2E /* Assets.xcassets in Resources */ = {isa = PBXBuildFile; fileRef = 6B9D89C82D3552E600DE8B2E /* Assets.xcassets */; };
		6B9D89CC2D3552E600DE8B2E /* Preview Assets.xcassets in Resources */ = {isa = PBXBuildFile; fileRef = 6B9D89CB2D3552E600DE8B2E /* Preview Assets.xcassets */; };
		6BA42AEA2DAC4A7F00BBB626 /* PracticeView.swift in Sources */ = {isa = PBXBuildFile; fileRef = 6BA42AE92DAC4A7F00BBB626 /* PracticeView.swift */; };
		6BA90DFD2E09CF470025C01B /* GradeObstaclesView.swift in Sources */ = {isa = PBXBuildFile; fileRef = 6BA90DFC2E09CF460025C01B /* GradeObstaclesView.swift */; };
		6BC04D432DF620070056609C /* StudyConsistancy.swift in Sources */ = {isa = PBXBuildFile; fileRef = 6BC04D422DF620070056609C /* StudyConsistancy.swift */; };
		6BC04D452DF6EB5A0056609C /* AIFlashcardDemo.swift in Sources */ = {isa = PBXBuildFile; fileRef = 6BC04D442DF6EB5A0056609C /* AIFlashcardDemo.swift */; };
		6BC21A202DB428EE00B777A0 /* PostHog in Frameworks */ = {isa = PBXBuildFile; productRef = 6BC21A1F2DB428EE00B777A0 /* PostHog */; };
		6BC73FAE2DB047EF00301AF1 /* mockupvideo.mp4 in Resources */ = {isa = PBXBuildFile; fileRef = 6BC73FAD2DB047EF00301AF1 /* mockupvideo.mp4 */; };
		6BC73FAF2DB047EF00301AF1 /* mockupvideo.mp4 in Resources */ = {isa = PBXBuildFile; fileRef = 6BC73FAD2DB047EF00301AF1 /* mockupvideo.mp4 */; };
		6BC73FB02DB047EF00301AF1 /* mockupvideo.mp4 in Resources */ = {isa = PBXBuildFile; fileRef = 6BC73FAD2DB047EF00301AF1 /* mockupvideo.mp4 */; };
		6BDD79232DAF7CC6007DA0BE /* PrivacyInfo.xcprivacy in Resources */ = {isa = PBXBuildFile; fileRef = 6BDD79222DAF7CC6007DA0BE /* PrivacyInfo.xcprivacy */; };
		6BDD79242DAF7CC6007DA0BE /* PrivacyInfo.xcprivacy in Resources */ = {isa = PBXBuildFile; fileRef = 6BDD79222DAF7CC6007DA0BE /* PrivacyInfo.xcprivacy */; };
		6BDD79252DAF7CC6007DA0BE /* PrivacyInfo.xcprivacy in Resources */ = {isa = PBXBuildFile; fileRef = 6BDD79222DAF7CC6007DA0BE /* PrivacyInfo.xcprivacy */; };
		6BDD79292DB0352A007DA0BE /* AppSecrets.swift in Sources */ = {isa = PBXBuildFile; fileRef = 6BDD79282DB0352A007DA0BE /* AppSecrets.swift */; };
		6BE29CFB2DB82D0800505D57 /* BranchSDK in Frameworks */ = {isa = PBXBuildFile; productRef = 6BE29CFA2DB82D0800505D57 /* BranchSDK */; };
		6BE29CFD2DB8355B00505D57 /* AppDelegate.swift in Sources */ = {isa = PBXBuildFile; fileRef = 6BE29CFC2DB8355B00505D57 /* AppDelegate.swift */; };
		6BE29CFE2E0000000000001 /* NotificationManager.swift in Sources */ = {isa = PBXBuildFile; fileRef = 6BE29CFF2E0000000000001 /* NotificationManager.swift */; };
		6BFA083A2D82DA71007C1898 /* DeckListView.swift in Sources */ = {isa = PBXBuildFile; fileRef = 6BFA08392D82DA71007C1898 /* DeckListView.swift */; };
		C0A100012F61000100000001 /* TheHookView.swift in Sources */ = {isa = PBXBuildFile; fileRef = C0A100012F61000000000001 /* TheHookView.swift */; };
		C0A100022F61000100000002 /* TheFeelingView.swift in Sources */ = {isa = PBXBuildFile; fileRef = C0A100022F61000000000002 /* TheFeelingView.swift */; };
		C0A100032F61000100000003 /* TheObstacleView.swift in Sources */ = {isa = PBXBuildFile; fileRef = C0A100032F61000000000003 /* TheObstacleView.swift */; };
		C0A100042F61000100000004 /* ScreenTimeStudyView.swift in Sources */ = {isa = PBXBuildFile; fileRef = C0A100042F61000000000004 /* ScreenTimeStudyView.swift */; };
		C0A100052F61000100000005 /* YourScreenTimeView.swift in Sources */ = {isa = PBXBuildFile; fileRef = C0A100052F61000000000005 /* YourScreenTimeView.swift */; };
		C0A100062F61000100000006 /* ProcrastinationStudyView.swift in Sources */ = {isa = PBXBuildFile; fileRef = C0A100062F61000000000006 /* ProcrastinationStudyView.swift */; };
		C0A100072F61000100000007 /* HowItWorksView.swift in Sources */ = {isa = PBXBuildFile; fileRef = C0A100072F61000000000007 /* HowItWorksView.swift */; };
		C0A100082F61000100000008 /* FirstDeckView.swift in Sources */ = {isa = PBXBuildFile; fileRef = C0A100082F61000000000008 /* FirstDeckView.swift */; };
		C0A100092F61000100000009 /* LottieAnimationView.swift in Sources */ = {isa = PBXBuildFile; fileRef = C0A100092F61000000000009 /* LottieAnimationView.swift */; };
/* End PBXBuildFile section */

/* Begin PBXContainerItemProxy section */
		6B22E8862D4A1D78003A5685 /* PBXContainerItemProxy */ = {
			isa = PBXContainerItemProxy;
			containerPortal = 6B9D89B92D3552DF00DE8B2E /* Project object */;
			proxyType = 1;
			remoteGlobalIDString = 6B22E87E2D4A1D78003A5685;
			remoteInfo = RegretGuardIntent;
		};
		6B22E8992D4C081C003A5685 /* PBXContainerItemProxy */ = {
			isa = PBXContainerItemProxy;
			containerPortal = 6B9D89B92D3552DF00DE8B2E /* Project object */;
			proxyType = 1;
			remoteGlobalIDString = 6B22E8912D4C081C003A5685;
			remoteInfo = OpenGuardIntent;
		};
/* End PBXContainerItemProxy section */

/* Begin PBXCopyFilesBuildPhase section */
		6B22E88C2D4A1D78003A5685 /* Embed ExtensionKit Extensions */ = {
			isa = PBXCopyFilesBuildPhase;
			buildActionMask = 2147483647;
			dstPath = "$(EXTENSIONS_FOLDER_PATH)";
			dstSubfolderSpec = 16;
			files = (
				6B22E89B2D4C081C003A5685 /* OpenGuardIntent.appex in Embed ExtensionKit Extensions */,
				6B22E8882D4A1D78003A5685 /* RegretGuardIntent.appex in Embed ExtensionKit Extensions */,
			);
			name = "Embed ExtensionKit Extensions";
			runOnlyForDeploymentPostprocessing = 0;
		};
/* End PBXCopyFilesBuildPhase section */

/* Begin PBXFileReference section */
		02A44E4579757FFA9816BECB /* QuizletImportService.swift */ = {isa = PBXFileReference; lastKnownFileType = sourcecode.swift; path = QuizletImportService.swift; sourceTree = "<group>"; };
		40738F362F62BB6A0085DF60 /* hourglass.lottie */ = {isa = PBXFileReference; lastKnownFileType = file; path = hourglass.lottie; sourceTree = "<group>"; };
		407C18342F62D1B700A932E5 /* sademotion.lottie */ = {isa = PBXFileReference; lastKnownFileType = file; path = sademotion.lottie; sourceTree = "<group>"; };
		407C18362F62DDC200A932E5 /* shortcut-setup-tutorial.MP4 */ = {isa = PBXFileReference; lastKnownFileType = file; path = "shortcut-setup-tutorial.MP4"; sourceTree = "<group>"; };
		407C183A2F62DFC500A932E5 /* UnlockMethodChoiceView.swift */ = {isa = PBXFileReference; lastKnownFileType = sourcecode.swift; path = UnlockMethodChoiceView.swift; sourceTree = "<group>"; };
		40957BFB2F6D15AF005CC829 /* libsqlite3.tbd */ = {isa = PBXFileReference; lastKnownFileType = "sourcecode.text-based-dylib-definition"; name = libsqlite3.tbd; path = usr/lib/libsqlite3.tbd; sourceTree = SDKROOT; };
		40957BFD2F6D15CF005CC829 /* libsqlite3.0.tbd */ = {isa = PBXFileReference; lastKnownFileType = "sourcecode.text-based-dylib-definition"; name = libsqlite3.0.tbd; path = usr/lib/libsqlite3.0.tbd; sourceTree = SDKROOT; };
		40E9057D2F3B73A000F8F5C0 /* FocusCalibration.swift */ = {isa = PBXFileReference; lastKnownFileType = sourcecode.swift; path = FocusCalibration.swift; sourceTree = "<group>"; };
		40E9057E2F3B73A000F8F5C0 /* FocusDetectionManager.swift */ = {isa = PBXFileReference; lastKnownFileType = sourcecode.swift; path = FocusDetectionManager.swift; sourceTree = "<group>"; };
		40E9057F2F3B73A000F8F5C0 /* FocusEngine.swift */ = {isa = PBXFileReference; lastKnownFileType = sourcecode.swift; path = FocusEngine.swift; sourceTree = "<group>"; };
		40E905802F3B73A000F8F5C0 /* FocusSignal.swift */ = {isa = PBXFileReference; lastKnownFileType = sourcecode.swift; path = FocusSignal.swift; sourceTree = "<group>"; };
		40E905812F3B73A000F8F5C0 /* FocusStateMachine.swift */ = {isa = PBXFileReference; lastKnownFileType = sourcecode.swift; path = FocusStateMachine.swift; sourceTree = "<group>"; };
		40E905822F3B73A000F8F5C0 /* GazeSignal.swift */ = {isa = PBXFileReference; lastKnownFileType = sourcecode.swift; path = GazeSignal.swift; sourceTree = "<group>"; };
		40E905832F3B73A000F8F5C0 /* StrictnessLevel.swift */ = {isa = PBXFileReference; lastKnownFileType = sourcecode.swift; path = StrictnessLevel.swift; sourceTree = "<group>"; };
		40E905852F3B73A000F8F5C0 /* CameraPreviewView.swift */ = {isa = PBXFileReference; lastKnownFileType = sourcecode.swift; path = CameraPreviewView.swift; sourceTree = "<group>"; };
		40E905862F3B73A000F8F5C0 /* FocusSessionView.swift */ = {isa = PBXFileReference; lastKnownFileType = sourcecode.swift; path = FocusSessionView.swift; sourceTree = "<group>"; };
		40E905872F3B73A000F8F5C0 /* PomodoroTimer.swift */ = {isa = PBXFileReference; lastKnownFileType = sourcecode.swift; path = PomodoroTimer.swift; sourceTree = "<group>"; };
		40EA4E8C2E6EEC85007E13C7 /* BuyBackView.swift */ = {isa = PBXFileReference; lastKnownFileType = sourcecode.swift; path = BuyBackView.swift; sourceTree = "<group>"; };
		6B04F7242DA83BED00694451 /* LongTermResults.swift */ = {isa = PBXFileReference; lastKnownFileType = sourcecode.swift; path = LongTermResults.swift; sourceTree = "<group>"; };
		6B04F7262DA8599B00694451 /* RatingView.swift */ = {isa = PBXFileReference; lastKnownFileType = sourcecode.swift; path = RatingView.swift; sourceTree = "<group>"; };
		6B04F7282DA85EAD00694451 /* StudyTwiceView.swift */ = {isa = PBXFileReference; lastKnownFileType = sourcecode.swift; path = StudyTwiceView.swift; sourceTree = "<group>"; };
		6B04F72A2DA863B700694451 /* StudyGuardReadyView.swift */ = {isa = PBXFileReference; lastKnownFileType = sourcecode.swift; path = StudyGuardReadyView.swift; sourceTree = "<group>"; };
		6B08017E2D7C2E6A0036C895 /* UnlockView.swift */ = {isa = PBXFileReference; lastKnownFileType = sourcecode.swift; path = UnlockView.swift; sourceTree = "<group>"; };
		6B22E8512D48CDD2003A5685 /* RegretView.swift */ = {isa = PBXFileReference; lastKnownFileType = sourcecode.swift; path = RegretView.swift; sourceTree = "<group>"; };
		6B22E8532D48CEB6003A5685 /* CustomColor.swift */ = {isa = PBXFileReference; lastKnownFileType = sourcecode.swift; path = CustomColor.swift; sourceTree = "<group>"; };
		6B22E8582D48D0FB003A5685 /* RegretReportView.swift */ = {isa = PBXFileReference; lastKnownFileType = sourcecode.swift; path = RegretReportView.swift; sourceTree = "<group>"; };
		6B22E85A2D48D155003A5685 /* RegretGuard.swift */ = {isa = PBXFileReference; lastKnownFileType = sourcecode.swift; path = RegretGuard.swift; sourceTree = "<group>"; };
		6B22E85C2D48D984003A5685 /* RegretGuardInstructionSheet.swift */ = {isa = PBXFileReference; lastKnownFileType = sourcecode.swift; path = RegretGuardInstructionSheet.swift; sourceTree = "<group>"; };
		6B22E85E2D48EA5F003A5685 /* MeshGradient.swift */ = {isa = PBXFileReference; lastKnownFileType = sourcecode.swift; path = MeshGradient.swift; sourceTree = "<group>"; };
		6B22E8602D490092003A5685 /* RegretGuardApps.swift */ = {isa = PBXFileReference; lastKnownFileType = sourcecode.swift; path = RegretGuardApps.swift; sourceTree = "<group>"; };
		6B22E8622D490126003A5685 /* RegretGuardViewModel.swift */ = {isa = PBXFileReference; lastKnownFileType = sourcecode.swift; path = RegretGuardViewModel.swift; sourceTree = "<group>"; };
		6B22E8662D4910B3003A5685 /* RegretEditorSheet.swift */ = {isa = PBXFileReference; lastKnownFileType = sourcecode.swift; path = RegretEditorSheet.swift; sourceTree = "<group>"; };
		6B22E8682D4A17A2003A5685 /* RegretViewModel.swift */ = {isa = PBXFileReference; lastKnownFileType = sourcecode.swift; path = RegretViewModel.swift; sourceTree = "<group>"; };
		6B22E87F2D4A1D78003A5685 /* RegretGuardIntent.appex */ = {isa = PBXFileReference; explicitFileType = "wrapper.extensionkit-extension"; includeInIndex = 0; path = RegretGuardIntent.appex; sourceTree = BUILT_PRODUCTS_DIR; };
		6B22E8812D4A1D78003A5685 /* RegretGuardIntentExtension.swift */ = {isa = PBXFileReference; lastKnownFileType = sourcecode.swift; path = RegretGuardIntentExtension.swift; sourceTree = "<group>"; };
		6B22E8832D4A1D78003A5685 /* RegretGuardIntent.swift */ = {isa = PBXFileReference; lastKnownFileType = sourcecode.swift; path = RegretGuardIntent.swift; sourceTree = "<group>"; };
		6B22E8852D4A1D78003A5685 /* Info.plist */ = {isa = PBXFileReference; lastKnownFileType = text.plist.xml; path = Info.plist; sourceTree = "<group>"; };
		6B22E8922D4C081C003A5685 /* OpenGuardIntent.appex */ = {isa = PBXFileReference; explicitFileType = "wrapper.extensionkit-extension"; includeInIndex = 0; path = OpenGuardIntent.appex; sourceTree = BUILT_PRODUCTS_DIR; };
		6B22E8942D4C081C003A5685 /* OpenGuardIntentExtension.swift */ = {isa = PBXFileReference; lastKnownFileType = sourcecode.swift; path = OpenGuardIntentExtension.swift; sourceTree = "<group>"; };
		6B22E8962D4C081C003A5685 /* OpenGuardIntent.swift */ = {isa = PBXFileReference; lastKnownFileType = sourcecode.swift; path = OpenGuardIntent.swift; sourceTree = "<group>"; };
		6B22E8982D4C081C003A5685 /* Info.plist */ = {isa = PBXFileReference; lastKnownFileType = text.plist.xml; path = Info.plist; sourceTree = "<group>"; };
		6B22E89F2D4C0F69003A5685 /* diewithoutregrets.entitlements */ = {isa = PBXFileReference; lastKnownFileType = text.plist.entitlements; path = diewithoutregrets.entitlements; sourceTree = "<group>"; };
		6B22E8A02D4C0F7F003A5685 /* RegretGuardIntent.entitlements */ = {isa = PBXFileReference; lastKnownFileType = text.plist.entitlements; path = RegretGuardIntent.entitlements; sourceTree = "<group>"; };
		6B22E8A12D4C0F84003A5685 /* OpenGuardIntent.entitlements */ = {isa = PBXFileReference; lastKnownFileType = text.plist.entitlements; path = OpenGuardIntent.entitlements; sourceTree = "<group>"; };
		6B22E8A22D4CA96A003A5685 /* NavigationModel.swift */ = {isa = PBXFileReference; lastKnownFileType = sourcecode.swift; path = NavigationModel.swift; sourceTree = "<group>"; };
		6B2B70CC2D5CFA59008D2884 /* RegretStore.swift */ = {isa = PBXFileReference; lastKnownFileType = sourcecode.swift; path = RegretStore.swift; sourceTree = "<group>"; };
		6B2D5F942D779F6400009417 /* LockView.swift */ = {isa = PBXFileReference; lastKnownFileType = sourcecode.swift; path = LockView.swift; sourceTree = "<group>"; };
		6B2DACD22D770543005B062D /* NewFlashcardSheet.swift */ = {isa = PBXFileReference; lastKnownFileType = sourcecode.swift; path = NewFlashcardSheet.swift; sourceTree = "<group>"; };
		6B45F2E92F6400010053351D /* AdServices.framework */ = {isa = PBXFileReference; lastKnownFileType = wrapper.framework; name = AdServices.framework; path = System/Library/Frameworks/AdServices.framework; sourceTree = SDKROOT; };
		6B45F2EB2F6400020053351D /* AdSupport.framework */ = {isa = PBXFileReference; lastKnownFileType = wrapper.framework; name = AdSupport.framework; path = System/Library/Frameworks/AdSupport.framework; sourceTree = SDKROOT; };
		6B531BAE2DAD249900663511 /* StoreKit.framework */ = {isa = PBXFileReference; lastKnownFileType = wrapper.framework; name = StoreKit.framework; path = System/Library/Frameworks/StoreKit.framework; sourceTree = SDKROOT; };
		6B706FBB2DFB2574004743C9 /* dog-side-eye.mp4 */ = {isa = PBXFileReference; lastKnownFileType = file; path = "dog-side-eye.mp4"; sourceTree = "<group>"; };
		6B706FBF2DFB283F004743C9 /* AnimationType.swift */ = {isa = PBXFileReference; lastKnownFileType = sourcecode.swift; path = AnimationType.swift; sourceTree = "<group>"; };
		6B706FC32DFB285F004743C9 /* MemeVideoView.swift */ = {isa = PBXFileReference; lastKnownFileType = sourcecode.swift; path = MemeVideoView.swift; sourceTree = "<group>"; };
		6B706FC72DFB2880004743C9 /* AnimationOptionRow.swift */ = {isa = PBXFileReference; lastKnownFileType = sourcecode.swift; path = AnimationOptionRow.swift; sourceTree = "<group>"; };
		6B706FCD2DFB2AB3004743C9 /* ColorExtension.swift */ = {isa = PBXFileReference; lastKnownFileType = sourcecode.swift; path = ColorExtension.swift; sourceTree = "<group>"; };
		6B74330C2DB19E5F0007270C /* Secrets.xcconfig */ = {isa = PBXFileReference; lastKnownFileType = text.xcconfig; path = Secrets.xcconfig; sourceTree = "<group>"; };
		6B774E622DA9003A0048A97E /* AppSelectionOnboarding.swift */ = {isa = PBXFileReference; lastKnownFileType = sourcecode.swift; path = AppSelectionOnboarding.swift; sourceTree = "<group>"; };
		6B79AC322DEC91080039F063 /* PayWallView.swift */ = {isa = PBXFileReference; lastKnownFileType = sourcecode.swift; path = PayWallView.swift; sourceTree = "<group>"; };
		6B79AC342DEC92000039F063 /* FreeTrialReminderView.swift */ = {isa = PBXFileReference; lastKnownFileType = sourcecode.swift; path = FreeTrialReminderView.swift; sourceTree = "<group>"; };
		6B7CD4DB2D509E2D0065A0F7 /* WelcomeView.swift */ = {isa = PBXFileReference; lastKnownFileType = sourcecode.swift; path = WelcomeView.swift; sourceTree = "<group>"; };
		6B7CD4DD2D509FFE0065A0F7 /* AverageScreenTime.swift */ = {isa = PBXFileReference; lastKnownFileType = sourcecode.swift; path = AverageScreenTime.swift; sourceTree = "<group>"; };
		6B7CD4DF2D50A5320065A0F7 /* AvgScreenTimeModel.swift */ = {isa = PBXFileReference; lastKnownFileType = sourcecode.swift; path = AvgScreenTimeModel.swift; sourceTree = "<group>"; };
		6B7CD4E12D50A5510065A0F7 /* AvgScreenTimeViewModel.swift */ = {isa = PBXFileReference; lastKnownFileType = sourcecode.swift; path = AvgScreenTimeViewModel.swift; sourceTree = "<group>"; };
		6B7CD4E32D50A7380065A0F7 /* AgeSelectView.swift */ = {isa = PBXFileReference; lastKnownFileType = sourcecode.swift; path = AgeSelectView.swift; sourceTree = "<group>"; };
		6B7CD4E52D50BD5B0065A0F7 /* NameView.swift */ = {isa = PBXFileReference; lastKnownFileType = sourcecode.swift; path = NameView.swift; sourceTree = "<group>"; };
		6B7CD4E72D50BE340065A0F7 /* NameViewModel.swift */ = {isa = PBXFileReference; lastKnownFileType = sourcecode.swift; path = NameViewModel.swift; sourceTree = "<group>"; };
		6B7CD4E92D50C00F0065A0F7 /* BreakdownView.swift */ = {isa = PBXFileReference; lastKnownFileType = sourcecode.swift; path = BreakdownView.swift; sourceTree = "<group>"; };
		6B7CD4EB2D50C5650065A0F7 /* WecanhelpView.swift */ = {isa = PBXFileReference; lastKnownFileType = sourcecode.swift; path = WecanhelpView.swift; sourceTree = "<group>"; };
		6B7CD4EF2D50CBAA0065A0F7 /* RegretQuestionView.swift */ = {isa = PBXFileReference; lastKnownFileType = sourcecode.swift; path = RegretQuestionView.swift; sourceTree = "<group>"; };
		6B7CD4F12D50CD5F0065A0F7 /* CompletionView.swift */ = {isa = PBXFileReference; lastKnownFileType = sourcecode.swift; path = CompletionView.swift; sourceTree = "<group>"; };
		6B7CD4F32D50DAE20065A0F7 /* OnboardingViewModel.swift */ = {isa = PBXFileReference; lastKnownFileType = sourcecode.swift; path = OnboardingViewModel.swift; sourceTree = "<group>"; };
		6B7CD4F52D50DB000065A0F7 /* OnboardingView.swift */ = {isa = PBXFileReference; lastKnownFileType = sourcecode.swift; path = OnboardingView.swift; sourceTree = "<group>"; };
		6B811F552D840B6B00BF9F3F /* AutoGenerateFlashcardSheet.swift */ = {isa = PBXFileReference; lastKnownFileType = sourcecode.swift; path = AutoGenerateFlashcardSheet.swift; sourceTree = "<group>"; };
		6B9D89C12D3552DF00DE8B2E /* diewithoutregrets.app */ = {isa = PBXFileReference; explicitFileType = wrapper.application; includeInIndex = 0; path = diewithoutregrets.app; sourceTree = BUILT_PRODUCTS_DIR; };
		6B9D89C42D3552E000DE8B2E /* diewithoutregretsApp.swift */ = {isa = PBXFileReference; lastKnownFileType = sourcecode.swift; path = diewithoutregretsApp.swift; sourceTree = "<group>"; };
		6B9D89C62D3552E000DE8B2E /* ContentView.swift */ = {isa = PBXFileReference; lastKnownFileType = sourcecode.swift; path = ContentView.swift; sourceTree = "<group>"; };
		6B9D89C82D3552E600DE8B2E /* Assets.xcassets */ = {isa = PBXFileReference; lastKnownFileType = folder.assetcatalog; path = Assets.xcassets; sourceTree = "<group>"; };
		6B9D89CB2D3552E600DE8B2E /* Preview Assets.xcassets */ = {isa = PBXFileReference; lastKnownFileType = folder.assetcatalog; path = "Preview Assets.xcassets"; sourceTree = "<group>"; };
		6BA42AE92DAC4A7F00BBB626 /* PracticeView.swift */ = {isa = PBXFileReference; lastKnownFileType = sourcecode.swift; path = PracticeView.swift; sourceTree = "<group>"; };
		6BA90DFC2E09CF460025C01B /* GradeObstaclesView.swift */ = {isa = PBXFileReference; fileEncoding = 4; lastKnownFileType = sourcecode.swift; path = GradeObstaclesView.swift; sourceTree = "<group>"; };
		6BC04D422DF620070056609C /* StudyConsistancy.swift */ = {isa = PBXFileReference; lastKnownFileType = sourcecode.swift; path = StudyConsistancy.swift; sourceTree = "<group>"; };
		6BC04D442DF6EB5A0056609C /* AIFlashcardDemo.swift */ = {isa = PBXFileReference; lastKnownFileType = sourcecode.swift; path = AIFlashcardDemo.swift; sourceTree = "<group>"; };
		6BC73FAD2DB047EF00301AF1 /* mockupvideo.mp4 */ = {isa = PBXFileReference; lastKnownFileType = file; path = mockupvideo.mp4; sourceTree = SOURCE_ROOT; };
		6BDD79222DAF7CC6007DA0BE /* PrivacyInfo.xcprivacy */ = {isa = PBXFileReference; lastKnownFileType = text.xml; path = PrivacyInfo.xcprivacy; sourceTree = "<group>"; };
		6BDD79282DB0352A007DA0BE /* AppSecrets.swift */ = {isa = PBXFileReference; lastKnownFileType = sourcecode.swift; path = AppSecrets.swift; sourceTree = "<group>"; };
		6BE29CFC2DB8355B00505D57 /* AppDelegate.swift */ = {isa = PBXFileReference; fileEncoding = 4; lastKnownFileType = sourcecode.swift; path = AppDelegate.swift; sourceTree = "<group>"; };
		6BE29CFF2E0000000000001 /* NotificationManager.swift */ = {isa = PBXFileReference; lastKnownFileType = sourcecode.swift; path = NotificationManager.swift; sourceTree = "<group>"; };
		6BE29D042DB84E6400505D57 /* CoreAudioTypes.framework */ = {isa = PBXFileReference; lastKnownFileType = wrapper.framework; name = CoreAudioTypes.framework; path = System/Library/Frameworks/CoreAudioTypes.framework; sourceTree = SDKROOT; };
		6BFA08392D82DA71007C1898 /* DeckListView.swift */ = {isa = PBXFileReference; lastKnownFileType = sourcecode.swift; path = DeckListView.swift; sourceTree = "<group>"; };
		ACB385E73B48F7FBA315B9B5 /* YouTubeTranscriptService.swift */ = {isa = PBXFileReference; lastKnownFileType = sourcecode.swift; path = YouTubeTranscriptService.swift; sourceTree = "<group>"; };
		C0A100012F61000000000001 /* TheHookView.swift */ = {isa = PBXFileReference; lastKnownFileType = sourcecode.swift; path = TheHookView.swift; sourceTree = "<group>"; };
		C0A100022F61000000000002 /* TheFeelingView.swift */ = {isa = PBXFileReference; lastKnownFileType = sourcecode.swift; path = TheFeelingView.swift; sourceTree = "<group>"; };
		C0A100032F61000000000003 /* TheObstacleView.swift */ = {isa = PBXFileReference; lastKnownFileType = sourcecode.swift; path = TheObstacleView.swift; sourceTree = "<group>"; };
		C0A100042F61000000000004 /* ScreenTimeStudyView.swift */ = {isa = PBXFileReference; lastKnownFileType = sourcecode.swift; path = ScreenTimeStudyView.swift; sourceTree = "<group>"; };
		C0A100052F61000000000005 /* YourScreenTimeView.swift */ = {isa = PBXFileReference; lastKnownFileType = sourcecode.swift; path = YourScreenTimeView.swift; sourceTree = "<group>"; };
		C0A100062F61000000000006 /* ProcrastinationStudyView.swift */ = {isa = PBXFileReference; lastKnownFileType = sourcecode.swift; path = ProcrastinationStudyView.swift; sourceTree = "<group>"; };
		C0A100072F61000000000007 /* HowItWorksView.swift */ = {isa = PBXFileReference; lastKnownFileType = sourcecode.swift; path = HowItWorksView.swift; sourceTree = "<group>"; };
		C0A100082F61000000000008 /* FirstDeckView.swift */ = {isa = PBXFileReference; lastKnownFileType = sourcecode.swift; path = FirstDeckView.swift; sourceTree = "<group>"; };
		C0A100092F61000000000009 /* LottieAnimationView.swift */ = {isa = PBXFileReference; lastKnownFileType = sourcecode.swift; path = LottieAnimationView.swift; sourceTree = "<group>"; };
/* End PBXFileReference section */

/* Begin PBXFrameworksBuildPhase section */
		6B22E87C2D4A1D78003A5685 /* Frameworks */ = {
			isa = PBXFrameworksBuildPhase;
			buildActionMask = 2147483647;
			files = (
			);
			runOnlyForDeploymentPostprocessing = 0;
		};
		6B22E88F2D4C081C003A5685 /* Frameworks */ = {
			isa = PBXFrameworksBuildPhase;
			buildActionMask = 2147483647;
			files = (
			);
			runOnlyForDeploymentPostprocessing = 0;
		};
		6B9D89BE2D3552DF00DE8B2E /* Frameworks */ = {
			isa = PBXFrameworksBuildPhase;
			buildActionMask = 2147483647;
			files = (
				40957BFC2F6D15CF005CC829 /* libsqlite3.tbd in Frameworks */,
				40957BF72F6D1119005CC829 /* Singular in Frameworks */,
				40738F352F62B56A0085DF60 /* Lottie in Frameworks */,
				6B45F2EA2F6400010053351D /* AdServices.framework in Frameworks */,
				6B45F2EC2F6400020053351D /* AdSupport.framework in Frameworks */,
				6BE29CFB2DB82D0800505D57 /* BranchSDK in Frameworks */,
				6B45F2E62DADB48E0053351D /* RevenueCat in Frameworks */,
				6B531BAF2DAD249900663511 /* StoreKit.framework in Frameworks */,
				6B45F2E82DADB48E0053351D /* RevenueCatUI in Frameworks */,
				6BC21A202DB428EE00B777A0 /* PostHog in Frameworks */,
			);
			runOnlyForDeploymentPostprocessing = 0;
		};
/* End PBXFrameworksBuildPhase section */

/* Begin PBXGroup section */
		23F899D2033A6A2B75049EE5 /* Services */ = {
			isa = PBXGroup;
			children = (
				ACB385E73B48F7FBA315B9B5 /* YouTubeTranscriptService.swift */,
				02A44E4579757FFA9816BECB /* QuizletImportService.swift */,
			);
			path = Services;
			sourceTree = "<group>";
		};
		40E905842F3B73A000F8F5C0 /* Detection */ = {
			isa = PBXGroup;
			children = (
				40E9057D2F3B73A000F8F5C0 /* FocusCalibration.swift */,
				40E9057E2F3B73A000F8F5C0 /* FocusDetectionManager.swift */,
				40E9057F2F3B73A000F8F5C0 /* FocusEngine.swift */,
				40E905802F3B73A000F8F5C0 /* FocusSignal.swift */,
				40E905812F3B73A000F8F5C0 /* FocusStateMachine.swift */,
				40E905822F3B73A000F8F5C0 /* GazeSignal.swift */,
				40E905832F3B73A000F8F5C0 /* StrictnessLevel.swift */,
			);
			path = Detection;
			sourceTree = "<group>";
		};
		40E905882F3B73A000F8F5C0 /* Views */ = {
			isa = PBXGroup;
			children = (
				40E905852F3B73A000F8F5C0 /* CameraPreviewView.swift */,
				40E905862F3B73A000F8F5C0 /* FocusSessionView.swift */,
				40E905872F3B73A000F8F5C0 /* PomodoroTimer.swift */,
			);
			path = Views;
			sourceTree = "<group>";
		};
		40E905892F3B73A000F8F5C0 /* TrueFocus */ = {
			isa = PBXGroup;
			children = (
				40E905842F3B73A000F8F5C0 /* Detection */,
				40E905882F3B73A000F8F5C0 /* Views */,
			);
			path = TrueFocus;
			sourceTree = "<group>";
		};
		6B22E8492D480412003A5685 /* Resources */ = {
			isa = PBXGroup;
			children = (
				6B22E8532D48CEB6003A5685 /* CustomColor.swift */,
				6B22E85E2D48EA5F003A5685 /* MeshGradient.swift */,
				6B2D5F942D779F6400009417 /* LockView.swift */,
				6B08017E2D7C2E6A0036C895 /* UnlockView.swift */,
				6B706FBF2DFB283F004743C9 /* AnimationType.swift */,
				6B706FC32DFB285F004743C9 /* MemeVideoView.swift */,
				6B706FC72DFB2880004743C9 /* AnimationOptionRow.swift */,
				6B706FCD2DFB2AB3004743C9 /* ColorExtension.swift */,
			);
			path = Resources;
			sourceTree = "<group>";
		};
		6B22E84A2D480440003A5685 /* Base */ = {
			isa = PBXGroup;
			children = (
			);
			path = Base;
			sourceTree = "<group>";
		};
		6B22E84B2D480446003A5685 /* Features */ = {
			isa = PBXGroup;
			children = (
				40E905892F3B73A000F8F5C0 /* TrueFocus */,
				6B7CD4D72D509DFA0065A0F7 /* Onboarding */,
				6B22E84D2D480488003A5685 /* RegretGuard */,
				6B22E84C2D48045D003A5685 /* RegretReport */,
			);
			path = Features;
			sourceTree = "<group>";
		};
		6B22E84C2D48045D003A5685 /* RegretReport */ = {
			isa = PBXGroup;
			children = (
				6B22E8572D48D0DD003A5685 /* ViewModels */,
				6B22E8562D48D0D4003A5685 /* Models */,
				6B22E8552D48D0CE003A5685 /* Views */,
			);
			path = RegretReport;
			sourceTree = "<group>";
		};
		6B22E84D2D480488003A5685 /* RegretGuard */ = {
			isa = PBXGroup;
			children = (
				6B22E8502D480528003A5685 /* ViewModels */,
				6B22E84F2D480523003A5685 /* Models */,
				6B22E84E2D480517003A5685 /* Views */,
				23F899D2033A6A2B75049EE5 /* Services */,
			);
			path = RegretGuard;
			sourceTree = "<group>";
		};
		6B22E84E2D480517003A5685 /* Views */ = {
			isa = PBXGroup;
			children = (
				6B22E8512D48CDD2003A5685 /* RegretView.swift */,
				6B22E85A2D48D155003A5685 /* RegretGuard.swift */,
				6B22E85C2D48D984003A5685 /* RegretGuardInstructionSheet.swift */,
				6B22E8662D4910B3003A5685 /* RegretEditorSheet.swift */,
				6B2DACD22D770543005B062D /* NewFlashcardSheet.swift */,
				6BFA08392D82DA71007C1898 /* DeckListView.swift */,
				6B811F552D840B6B00BF9F3F /* AutoGenerateFlashcardSheet.swift */,
				6BA42AE92DAC4A7F00BBB626 /* PracticeView.swift */,
			);
			path = Views;
			sourceTree = "<group>";
		};
		6B22E84F2D480523003A5685 /* Models */ = {
			isa = PBXGroup;
			children = (
				6B22E8602D490092003A5685 /* RegretGuardApps.swift */,
				6B2B70CC2D5CFA59008D2884 /* RegretStore.swift */,
			);
			path = Models;
			sourceTree = "<group>";
		};
		6B22E8502D480528003A5685 /* ViewModels */ = {
			isa = PBXGroup;
			children = (
				6B22E8622D490126003A5685 /* RegretGuardViewModel.swift */,
				6B22E8682D4A17A2003A5685 /* RegretViewModel.swift */,
			);
			path = ViewModels;
			sourceTree = "<group>";
		};
		6B22E8552D48D0CE003A5685 /* Views */ = {
			isa = PBXGroup;
			children = (
				6B22E8582D48D0FB003A5685 /* RegretReportView.swift */,
			);
			path = Views;
			sourceTree = "<group>";
		};
		6B22E8562D48D0D4003A5685 /* Models */ = {
			isa = PBXGroup;
			children = (
			);
			path = Models;
			sourceTree = "<group>";
		};
		6B22E8572D48D0DD003A5685 /* ViewModels */ = {
			isa = PBXGroup;
			children = (
			);
			path = ViewModels;
			sourceTree = "<group>";
		};
		6B22E8802D4A1D78003A5685 /* RegretGuardIntent */ = {
			isa = PBXGroup;
			children = (
				6B22E8A02D4C0F7F003A5685 /* RegretGuardIntent.entitlements */,
				6B22E8812D4A1D78003A5685 /* RegretGuardIntentExtension.swift */,
				6B22E8832D4A1D78003A5685 /* RegretGuardIntent.swift */,
				6B22E8852D4A1D78003A5685 /* Info.plist */,
			);
			path = RegretGuardIntent;
			sourceTree = "<group>";
		};
		6B22E8932D4C081C003A5685 /* OpenGuardIntent */ = {
			isa = PBXGroup;
			children = (
				6B22E8A12D4C0F84003A5685 /* OpenGuardIntent.entitlements */,
				6B22E8942D4C081C003A5685 /* OpenGuardIntentExtension.swift */,
				6B22E8962D4C081C003A5685 /* OpenGuardIntent.swift */,
				6B22E8982D4C081C003A5685 /* Info.plist */,
			);
			path = OpenGuardIntent;
			sourceTree = "<group>";
		};
		6B531BAD2DAD249900663511 /* Frameworks */ = {
			isa = PBXGroup;
			children = (
				40957BFD2F6D15CF005CC829 /* libsqlite3.0.tbd */,
				40957BFB2F6D15AF005CC829 /* libsqlite3.tbd */,
				6B45F2E92F6400010053351D /* AdServices.framework */,
				6B45F2EB2F6400020053351D /* AdSupport.framework */,
				6BE29D042DB84E6400505D57 /* CoreAudioTypes.framework */,
				6B531BAE2DAD249900663511 /* StoreKit.framework */,
			);
			name = Frameworks;
			sourceTree = "<group>";
		};
		6B7CD4D72D509DFA0065A0F7 /* Onboarding */ = {
			isa = PBXGroup;
			children = (
				6B7CD4DA2D509E160065A0F7 /* Models */,
				6B7CD4D92D509E0D0065A0F7 /* ViewModels */,
				6B7CD4D82D509E040065A0F7 /* Views */,
			);
			path = Onboarding;
			sourceTree = "<group>";
		};
		6B7CD4D82D509E040065A0F7 /* Views */ = {
			isa = PBXGroup;
			children = (
				407C183A2F62DFC500A932E5 /* UnlockMethodChoiceView.swift */,
				C0A100012F61000000000001 /* TheHookView.swift */,
				C0A100022F61000000000002 /* TheFeelingView.swift */,
				C0A100032F61000000000003 /* TheObstacleView.swift */,
				C0A100042F61000000000004 /* ScreenTimeStudyView.swift */,
				C0A100052F61000000000005 /* YourScreenTimeView.swift */,
				6B7CD4E52D50BD5B0065A0F7 /* NameView.swift */,
				6B7CD4E32D50A7380065A0F7 /* AgeSelectView.swift */,
				6B7CD4E92D50C00F0065A0F7 /* BreakdownView.swift */,
				C0A100062F61000000000006 /* ProcrastinationStudyView.swift */,
				6BC04D422DF620070056609C /* StudyConsistancy.swift */,
				C0A100072F61000000000007 /* HowItWorksView.swift */,
				6BC04D442DF6EB5A0056609C /* AIFlashcardDemo.swift */,
				6B04F7242DA83BED00694451 /* LongTermResults.swift */,
				6B04F7262DA8599B00694451 /* RatingView.swift */,
				6B04F72A2DA863B700694451 /* StudyGuardReadyView.swift */,
				6B79AC322DEC91080039F063 /* PayWallView.swift */,
				6B79AC342DEC92000039F063 /* FreeTrialReminderView.swift */,
				C0A100082F61000000000008 /* FirstDeckView.swift */,
				C0A100092F61000000000009 /* LottieAnimationView.swift */,
				6B7CD4EF2D50CBAA0065A0F7 /* RegretQuestionView.swift */,
				6B774E622DA9003A0048A97E /* AppSelectionOnboarding.swift */,
				6B7CD4F12D50CD5F0065A0F7 /* CompletionView.swift */,
				6B7CD4F52D50DB000065A0F7 /* OnboardingView.swift */,
				40EA4E8C2E6EEC85007E13C7 /* BuyBackView.swift */,
				6B7CD4DB2D509E2D0065A0F7 /* WelcomeView.swift */,
				6BA90DFC2E09CF460025C01B /* GradeObstaclesView.swift */,
				6B7CD4DD2D509FFE0065A0F7 /* AverageScreenTime.swift */,
				6B04F7282DA85EAD00694451 /* StudyTwiceView.swift */,
				6B7CD4EB2D50C5650065A0F7 /* WecanhelpView.swift */,
			);
			path = Views;
			sourceTree = "<group>";
		};
		6B7CD4D92D509E0D0065A0F7 /* ViewModels */ = {
			isa = PBXGroup;
			children = (
				6B7CD4E12D50A5510065A0F7 /* AvgScreenTimeViewModel.swift */,
				6B7CD4E72D50BE340065A0F7 /* NameViewModel.swift */,
				6B7CD4F32D50DAE20065A0F7 /* OnboardingViewModel.swift */,
			);
			path = ViewModels;
			sourceTree = "<group>";
		};
		6B7CD4DA2D509E160065A0F7 /* Models */ = {
			isa = PBXGroup;
			children = (
				6B7CD4DF2D50A5320065A0F7 /* AvgScreenTimeModel.swift */,
			);
			path = Models;
			sourceTree = "<group>";
		};
		6B9D89B82D3552DF00DE8B2E = {
			isa = PBXGroup;
			children = (
				6B9D89C32D3552E000DE8B2E /* diewithoutregrets */,
				6B22E8802D4A1D78003A5685 /* RegretGuardIntent */,
				6B22E8932D4C081C003A5685 /* OpenGuardIntent */,
				6B9D89C22D3552DF00DE8B2E /* Products */,
				6B531BAD2DAD249900663511 /* Frameworks */,
			);
			sourceTree = "<group>";
		};
		6B9D89C22D3552DF00DE8B2E /* Products */ = {
			isa = PBXGroup;
			children = (
				6B9D89C12D3552DF00DE8B2E /* diewithoutregrets.app */,
				6B22E87F2D4A1D78003A5685 /* RegretGuardIntent.appex */,
				6B22E8922D4C081C003A5685 /* OpenGuardIntent.appex */,
			);
			name = Products;
			sourceTree = "<group>";
		};
		6B9D89C32D3552E000DE8B2E /* diewithoutregrets */ = {
			isa = PBXGroup;
			children = (
				407C18342F62D1B700A932E5 /* sademotion.lottie */,
				40738F362F62BB6A0085DF60 /* hourglass.lottie */,
				6BE29CFC2DB8355B00505D57 /* AppDelegate.swift */,
				6BC73FAC2DB046C700301AF1 /* Videos */,
				6BDD79282DB0352A007DA0BE /* AppSecrets.swift */,
				6BDD79222DAF7CC6007DA0BE /* PrivacyInfo.xcprivacy */,
				6B22E89F2D4C0F69003A5685 /* diewithoutregrets.entitlements */,
				6B22E84B2D480446003A5685 /* Features */,
				6B22E84A2D480440003A5685 /* Base */,
				6B22E8492D480412003A5685 /* Resources */,
				6B9D89C42D3552E000DE8B2E /* diewithoutregretsApp.swift */,
				6B9D89C62D3552E000DE8B2E /* ContentView.swift */,
				6B9D89C82D3552E600DE8B2E /* Assets.xcassets */,
				6B9D89CA2D3552E600DE8B2E /* Preview Content */,
				6B22E8A22D4CA96A003A5685 /* NavigationModel.swift */,
				6BE29CFF2E0000000000001 /* NotificationManager.swift */,
				6B74330C2DB19E5F0007270C /* Secrets.xcconfig */,
			);
			path = diewithoutregrets;
			sourceTree = "<group>";
		};
		6B9D89CA2D3552E600DE8B2E /* Preview Content */ = {
			isa = PBXGroup;
			children = (
				6B9D89CB2D3552E600DE8B2E /* Preview Assets.xcassets */,
			);
			path = "Preview Content";
			sourceTree = "<group>";
		};
		6BC73FAC2DB046C700301AF1 /* Videos */ = {
			isa = PBXGroup;
			children = (
				407C18362F62DDC200A932E5 /* shortcut-setup-tutorial.MP4 */,
				6B706FBB2DFB2574004743C9 /* dog-side-eye.mp4 */,
				6BC73FAD2DB047EF00301AF1 /* mockupvideo.mp4 */,
			);
			path = Videos;
			sourceTree = "<group>";
		};
/* End PBXGroup section */

/* Begin PBXNativeTarget section */
		6B22E87E2D4A1D78003A5685 /* RegretGuardIntent */ = {
			isa = PBXNativeTarget;
			buildConfigurationList = 6B22E8892D4A1D78003A5685 /* Build configuration list for PBXNativeTarget "RegretGuardIntent" */;
			buildPhases = (
				6B22E87B2D4A1D78003A5685 /* Sources */,
				6B22E87C2D4A1D78003A5685 /* Frameworks */,
				6B22E87D2D4A1D78003A5685 /* Resources */,
			);
			buildRules = (
			);
			dependencies = (
			);
			name = RegretGuardIntent;
			packageProductDependencies = (
			);
			productName = RegretGuardIntent;
			productReference = 6B22E87F2D4A1D78003A5685 /* RegretGuardIntent.appex */;
			productType = "com.apple.product-type.extensionkit-extension";
		};
		6B22E8912D4C081C003A5685 /* OpenGuardIntent */ = {
			isa = PBXNativeTarget;
			buildConfigurationList = 6B22E89C2D4C081C003A5685 /* Build configuration list for PBXNativeTarget "OpenGuardIntent" */;
			buildPhases = (
				6B22E88E2D4C081C003A5685 /* Sources */,
				6B22E88F2D4C081C003A5685 /* Frameworks */,
				6B22E8902D4C081C003A5685 /* Resources */,
			);
			buildRules = (
			);
			dependencies = (
			);
			name = OpenGuardIntent;
			packageProductDependencies = (
			);
			productName = OpenGuardIntent;
			productReference = 6B22E8922D4C081C003A5685 /* OpenGuardIntent.appex */;
			productType = "com.apple.product-type.extensionkit-extension";
		};
		6B9D89C02D3552DF00DE8B2E /* diewithoutregrets */ = {
			isa = PBXNativeTarget;
			buildConfigurationList = 6B9D89CF2D3552E600DE8B2E /* Build configuration list for PBXNativeTarget "diewithoutregrets" */;
			buildPhases = (
				6B9D89BD2D3552DF00DE8B2E /* Sources */,
				6B9D89BE2D3552DF00DE8B2E /* Frameworks */,
				6B9D89BF2D3552DF00DE8B2E /* Resources */,
				6B22E88C2D4A1D78003A5685 /* Embed ExtensionKit Extensions */,
			);
			buildRules = (
			);
			dependencies = (
				6B22E8872D4A1D78003A5685 /* PBXTargetDependency */,
				6B22E89A2D4C081C003A5685 /* PBXTargetDependency */,
			);
			name = diewithoutregrets;
			packageProductDependencies = (
				6B45F2E52DADB48E0053351D /* RevenueCat */,
				6B45F2E72DADB48E0053351D /* RevenueCatUI */,
				6BC21A1F2DB428EE00B777A0 /* PostHog */,
				6BE29CFA2DB82D0800505D57 /* BranchSDK */,
				C0A200022F61000000000011 /* Lottie */,
				40957BF62F6D1119005CC829 /* Singular */,
			);
			productName = diewithoutregrets;
			productReference = 6B9D89C12D3552DF00DE8B2E /* diewithoutregrets.app */;
			productType = "com.apple.product-type.application";
		};
/* End PBXNativeTarget section */

/* Begin PBXProject section */
		6B9D89B92D3552DF00DE8B2E /* Project object */ = {
			isa = PBXProject;
			attributes = {
				BuildIndependentTargetsInParallel = 1;
				LastSwiftUpdateCheck = 1520;
				LastUpgradeCheck = 1520;
				TargetAttributes = {
					6B22E87E2D4A1D78003A5685 = {
						CreatedOnToolsVersion = 15.2;
					};
					6B22E8912D4C081C003A5685 = {
						CreatedOnToolsVersion = 15.2;
					};
					6B9D89C02D3552DF00DE8B2E = {
						CreatedOnToolsVersion = 15.2;
					};
				};
			};
			buildConfigurationList = 6B9D89BC2D3552DF00DE8B2E /* Build configuration list for PBXProject "diewithoutregrets" */;
			compatibilityVersion = "Xcode 14.0";
			developmentRegion = en;
			hasScannedForEncodings = 0;
			knownRegions = (
				en,
				Base,
			);
			mainGroup = 6B9D89B82D3552DF00DE8B2E;
			packageReferences = (
				6B45F2E42DADB48E0053351D /* XCRemoteSwiftPackageReference "purchases-ios-spm" */,
				6BC21A1E2DB428EE00B777A0 /* XCRemoteSwiftPackageReference "posthog-ios" */,
				6BE29CF92DB82D0800505D57 /* XCRemoteSwiftPackageReference "ios-branch-sdk-spm" */,
				C0A200012F61000000000010 /* XCRemoteSwiftPackageReference "lottie-ios" */,
				40957BF52F6D1119005CC829 /* XCRemoteSwiftPackageReference "Singular-iOS-SDK" */,
			);
			productRefGroup = 6B9D89C22D3552DF00DE8B2E /* Products */;
			projectDirPath = "";
			projectRoot = "";
			targets = (
				6B9D89C02D3552DF00DE8B2E /* diewithoutregrets */,
				6B22E87E2D4A1D78003A5685 /* RegretGuardIntent */,
				6B22E8912D4C081C003A5685 /* OpenGuardIntent */,
			);
		};
/* End PBXProject section */

/* Begin PBXResourcesBuildPhase section */
		6B22E87D2D4A1D78003A5685 /* Resources */ = {
			isa = PBXResourcesBuildPhase;
			buildActionMask = 2147483647;
			files = (
				6BC73FAF2DB047EF00301AF1 /* mockupvideo.mp4 in Resources */,
				407C18392F62DDC200A932E5 /* shortcut-setup-tutorial.MP4 in Resources */,
				6BDD79242DAF7CC6007DA0BE /* PrivacyInfo.xcprivacy in Resources */,
				6B74330E2DB19E5F0007270C /* Secrets.xcconfig in Resources */,
				6B706FBD2DFB2574004743C9 /* dog-side-eye.mp4 in Resources */,
			);
			runOnlyForDeploymentPostprocessing = 0;
		};
		6B22E8902D4C081C003A5685 /* Resources */ = {
			isa = PBXResourcesBuildPhase;
			buildActionMask = 2147483647;
			files = (
				6BC73FB02DB047EF00301AF1 /* mockupvideo.mp4 in Resources */,
				407C18382F62DDC200A932E5 /* shortcut-setup-tutorial.MP4 in Resources */,
				6BDD79252DAF7CC6007DA0BE /* PrivacyInfo.xcprivacy in Resources */,
				6B74330F2DB19E5F0007270C /* Secrets.xcconfig in Resources */,
				6B706FBE2DFB2574004743C9 /* dog-side-eye.mp4 in Resources */,
			);
			runOnlyForDeploymentPostprocessing = 0;
		};
		6B9D89BF2D3552DF00DE8B2E /* Resources */ = {
			isa = PBXResourcesBuildPhase;
			buildActionMask = 2147483647;
			files = (
				6BC73FAE2DB047EF00301AF1 /* mockupvideo.mp4 in Resources */,
				6B74330D2DB19E5F0007270C /* Secrets.xcconfig in Resources */,
				407C18372F62DDC200A932E5 /* shortcut-setup-tutorial.MP4 in Resources */,
				6B9D89CC2D3552E600DE8B2E /* Preview Assets.xcassets in Resources */,
				407C18352F62D1B700A932E5 /* sademotion.lottie in Resources */,
				6BDD79232DAF7CC6007DA0BE /* PrivacyInfo.xcprivacy in Resources */,
				40738F372F62BB6A0085DF60 /* hourglass.lottie in Resources */,
				6B9D89C92D3552E600DE8B2E /* Assets.xcassets in Resources */,
				6B706FBC2DFB2574004743C9 /* dog-side-eye.mp4 in Resources */,
			);
			runOnlyForDeploymentPostprocessing = 0;
		};
/* End PBXResourcesBuildPhase section */

/* Begin PBXSourcesBuildPhase section */
		6B22E87B2D4A1D78003A5685 /* Sources */ = {
			isa = PBXSourcesBuildPhase;
			buildActionMask = 2147483647;
			files = (
				6B706FC12DFB283F004743C9 /* AnimationType.swift in Sources */,
				6B22E8842D4A1D78003A5685 /* RegretGuardIntent.swift in Sources */,
				6B706FC92DFB2880004743C9 /* AnimationOptionRow.swift in Sources */,
				6B706FC52DFB285F004743C9 /* MemeVideoView.swift in Sources */,
				6B22E8822D4A1D78003A5685 /* RegretGuardIntentExtension.swift in Sources */,
				6B706FCF2DFB2AB3004743C9 /* ColorExtension.swift in Sources */,
				6B22E8A42D4CA96A003A5685 /* NavigationModel.swift in Sources */,
			);
			runOnlyForDeploymentPostprocessing = 0;
		};
		6B22E88E2D4C081C003A5685 /* Sources */ = {
			isa = PBXSourcesBuildPhase;
			buildActionMask = 2147483647;
			files = (
				6B706FC62DFB285F004743C9 /* MemeVideoView.swift in Sources */,
				6B22E8952D4C081C003A5685 /* OpenGuardIntentExtension.swift in Sources */,
				6B22E8A52D4CA96A003A5685 /* NavigationModel.swift in Sources */,
				6B706FD02DFB2AB3004743C9 /* ColorExtension.swift in Sources */,
				6B706FCA2DFB2880004743C9 /* AnimationOptionRow.swift in Sources */,
				6B706FC22DFB283F004743C9 /* AnimationType.swift in Sources */,
			);
			runOnlyForDeploymentPostprocessing = 0;
		};
		6B9D89BD2D3552DF00DE8B2E /* Sources */ = {
			isa = PBXSourcesBuildPhase;
			buildActionMask = 2147483647;
			files = (
				6B811F562D840B6B00BF9F3F /* AutoGenerateFlashcardSheet.swift in Sources */,
				540B9C0ED0C96789456F2558 /* YouTubeTranscriptService.swift in Sources */,
				1C7C7564E40CE32E7EEE41D7 /* QuizletImportService.swift in Sources */,
				6B7CD4F22D50CD5F0065A0F7 /* CompletionView.swift in Sources */,
				6B706FC82DFB2880004743C9 /* AnimationOptionRow.swift in Sources */,
				6B7CD4EC2D50C5650065A0F7 /* WecanhelpView.swift in Sources */,
				6B04F7272DA8599B00694451 /* RatingView.swift in Sources */,
				6BE29CFD2DB8355B00505D57 /* AppDelegate.swift in Sources */,
				6BE29CFE2E0000000000001 /* NotificationManager.swift in Sources */,
				6B7CD4EA2D50C00F0065A0F7 /* BreakdownView.swift in Sources */,
				6B22E85F2D48EA5F003A5685 /* MeshGradient.swift in Sources */,
				6B774E632DA9003A0048A97E /* AppSelectionOnboarding.swift in Sources */,
				6B7CD4F42D50DAE20065A0F7 /* OnboardingViewModel.swift in Sources */,
				6B22E8632D490126003A5685 /* RegretGuardViewModel.swift in Sources */,
				6B7CD4E62D50BD5B0065A0F7 /* NameView.swift in Sources */,
				6BC04D452DF6EB5A0056609C /* AIFlashcardDemo.swift in Sources */,
				6B2DACD32D770543005B062D /* NewFlashcardSheet.swift in Sources */,
				6BA42AEA2DAC4A7F00BBB626 /* PracticeView.swift in Sources */,
				6B7CD4E82D50BE340065A0F7 /* NameViewModel.swift in Sources */,
				6B7CD4DE2D509FFE0065A0F7 /* AverageScreenTime.swift in Sources */,
				6B22E8672D4910B3003A5685 /* RegretEditorSheet.swift in Sources */,
				6B7CD4DC2D509E2D0065A0F7 /* WelcomeView.swift in Sources */,
				C0A100012F61000100000001 /* TheHookView.swift in Sources */,
				C0A100022F61000100000002 /* TheFeelingView.swift in Sources */,
				C0A100032F61000100000003 /* TheObstacleView.swift in Sources */,
				C0A100042F61000100000004 /* ScreenTimeStudyView.swift in Sources */,
				407C183B2F62DFC500A932E5 /* UnlockMethodChoiceView.swift in Sources */,
				C0A100052F61000100000005 /* YourScreenTimeView.swift in Sources */,
				C0A100062F61000100000006 /* ProcrastinationStudyView.swift in Sources */,
				C0A100072F61000100000007 /* HowItWorksView.swift in Sources */,
				C0A100082F61000100000008 /* FirstDeckView.swift in Sources */,
				C0A100092F61000100000009 /* LottieAnimationView.swift in Sources */,
				6B706FC42DFB285F004743C9 /* MemeVideoView.swift in Sources */,
				6B22E8592D48D0FB003A5685 /* RegretReportView.swift in Sources */,
				6B04F7252DA83BED00694451 /* LongTermResults.swift in Sources */,
				6BA90DFD2E09CF470025C01B /* GradeObstaclesView.swift in Sources */,
				6B7CD4E22D50A5510065A0F7 /* AvgScreenTimeViewModel.swift in Sources */,
				6B7CD4F62D50DB000065A0F7 /* OnboardingView.swift in Sources */,
				6BDD79292DB0352A007DA0BE /* AppSecrets.swift in Sources */,
				6B22E85D2D48D984003A5685 /* RegretGuardInstructionSheet.swift in Sources */,
				6B9D89C72D3552E000DE8B2E /* ContentView.swift in Sources */,
				6B706FCE2DFB2AB3004743C9 /* ColorExtension.swift in Sources */,
				6B04F72B2DA863B700694451 /* StudyGuardReadyView.swift in Sources */,
				6B9D89C52D3552E000DE8B2E /* diewithoutregretsApp.swift in Sources */,
				6B08017F2D7C2E6A0036C895 /* UnlockView.swift in Sources */,
				6B2D5F952D779F6400009417 /* LockView.swift in Sources */,
				6B7CD4F02D50CBAA0065A0F7 /* RegretQuestionView.swift in Sources */,
				6B22E8542D48CEB6003A5685 /* CustomColor.swift in Sources */,
				6B22E85B2D48D155003A5685 /* RegretGuard.swift in Sources */,
				40E9058A2F3B73A000F8F5C0 /* StrictnessLevel.swift in Sources */,
				40E9058B2F3B73A000F8F5C0 /* GazeSignal.swift in Sources */,
				40E9058C2F3B73A000F8F5C0 /* FocusCalibration.swift in Sources */,
				40E9058D2F3B73A000F8F5C0 /* FocusStateMachine.swift in Sources */,
				40E9058E2F3B73A000F8F5C0 /* FocusDetectionManager.swift in Sources */,
				40E9058F2F3B73A000F8F5C0 /* FocusSignal.swift in Sources */,
				40E905902F3B73A000F8F5C0 /* FocusEngine.swift in Sources */,
				40E905912F3B73A000F8F5C0 /* CameraPreviewView.swift in Sources */,
				40E905922F3B73A000F8F5C0 /* FocusSessionView.swift in Sources */,
				40E905932F3B73A000F8F5C0 /* PomodoroTimer.swift in Sources */,
				40EA4E8D2E6EEC99007E13C7 /* BuyBackView.swift in Sources */,
				6B8D6B9B2D4CE14600753EB4 /* OpenGuardIntent.swift in Sources */,
				6B22E8692D4A17A2003A5685 /* RegretViewModel.swift in Sources */,
				6B22E8A32D4CA96A003A5685 /* NavigationModel.swift in Sources */,
				6BC04D432DF620070056609C /* StudyConsistancy.swift in Sources */,
				6B2B70CD2D5CFA59008D2884 /* RegretStore.swift in Sources */,
				6B79AC332DEC91080039F063 /* PayWallView.swift in Sources */,
				6B79AC352DEC92000039F063 /* FreeTrialReminderView.swift in Sources */,
				6B706FC02DFB283F004743C9 /* AnimationType.swift in Sources */,
				6B7CD4E02D50A5320065A0F7 /* AvgScreenTimeModel.swift in Sources */,
				6B22E8522D48CDD2003A5685 /* RegretView.swift in Sources */,
				6BFA083A2D82DA71007C1898 /* DeckListView.swift in Sources */,
				6B7CD4E42D50A7380065A0F7 /* AgeSelectView.swift in Sources */,
				6B22E8612D490092003A5685 /* RegretGuardApps.swift in Sources */,
				6B04F7292DA85EAD00694451 /* StudyTwiceView.swift in Sources */,
			);
			runOnlyForDeploymentPostprocessing = 0;
		};
/* End PBXSourcesBuildPhase section */

/* Begin PBXTargetDependency section */
		6B22E8872D4A1D78003A5685 /* PBXTargetDependency */ = {
			isa = PBXTargetDependency;
			target = 6B22E87E2D4A1D78003A5685 /* RegretGuardIntent */;
			targetProxy = 6B22E8862D4A1D78003A5685 /* PBXContainerItemProxy */;
		};
		6B22E89A2D4C081C003A5685 /* PBXTargetDependency */ = {
			isa = PBXTargetDependency;
			target = 6B22E8912D4C081C003A5685 /* OpenGuardIntent */;
			targetProxy = 6B22E8992D4C081C003A5685 /* PBXContainerItemProxy */;
		};
/* End PBXTargetDependency section */

/* Begin XCBuildConfiguration section */
		6B22E88A2D4A1D78003A5685 /* Debug */ = {
			isa = XCBuildConfiguration;
			buildSettings = {
				CODE_SIGN_ENTITLEMENTS = RegretGuardIntent/RegretGuardIntent.entitlements;
				CODE_SIGN_STYLE = Automatic;
				CURRENT_PROJECT_VERSION = 1;
				DEVELOPMENT_TEAM = 5BFXSF2PS6;
				GENERATE_INFOPLIST_FILE = YES;
				INFOPLIST_FILE = RegretGuardIntent/Info.plist;
				INFOPLIST_KEY_CFBundleDisplayName = RegretGuardIntent;
				INFOPLIST_KEY_NSHumanReadableCopyright = "";
				LD_RUNPATH_SEARCH_PATHS = (
					"$(inherited)",
					"@executable_path/Frameworks",
					"@executable_path/../../Frameworks",
				);
				MARKETING_VERSION = 1.0;
				PRODUCT_BUNDLE_IDENTIFIER = com.jasonmayo.diewithoutregrets.RegretGuardIntent;
				PRODUCT_NAME = "$(TARGET_NAME)";
				SKIP_INSTALL = YES;
				SWIFT_EMIT_LOC_STRINGS = YES;
				SWIFT_VERSION = 5.0;
				TARGETED_DEVICE_FAMILY = "1,2";
			};
			name = Debug;
		};
		6B22E88B2D4A1D78003A5685 /* Release */ = {
			isa = XCBuildConfiguration;
			buildSettings = {
				CODE_SIGN_ENTITLEMENTS = RegretGuardIntent/RegretGuardIntent.entitlements;
				CODE_SIGN_STYLE = Automatic;
				CURRENT_PROJECT_VERSION = 1;
				DEVELOPMENT_TEAM = 5BFXSF2PS6;
				GENERATE_INFOPLIST_FILE = YES;
				INFOPLIST_FILE = RegretGuardIntent/Info.plist;
				INFOPLIST_KEY_CFBundleDisplayName = RegretGuardIntent;
				INFOPLIST_KEY_NSHumanReadableCopyright = "";
				LD_RUNPATH_SEARCH_PATHS = (
					"$(inherited)",
					"@executable_path/Frameworks",
					"@executable_path/../../Frameworks",
				);
				MARKETING_VERSION = 1.0;
				PRODUCT_BUNDLE_IDENTIFIER = com.jasonmayo.diewithoutregrets.RegretGuardIntent;
				PRODUCT_NAME = "$(TARGET_NAME)";
				SKIP_INSTALL = YES;
				SWIFT_EMIT_LOC_STRINGS = YES;
				SWIFT_VERSION = 5.0;
				TARGETED_DEVICE_FAMILY = "1,2";
			};
			name = Release;
		};
		6B22E89D2D4C081C003A5685 /* Debug */ = {
			isa = XCBuildConfiguration;
			buildSettings = {
				CODE_SIGN_ENTITLEMENTS = OpenGuardIntent/OpenGuardIntent.entitlements;
				CODE_SIGN_STYLE = Automatic;
				CURRENT_PROJECT_VERSION = 1;
				DEVELOPMENT_TEAM = 5BFXSF2PS6;
				GENERATE_INFOPLIST_FILE = YES;
				INFOPLIST_FILE = OpenGuardIntent/Info.plist;
				INFOPLIST_KEY_CFBundleDisplayName = OpenGuardIntent;
				INFOPLIST_KEY_NSHumanReadableCopyright = "";
				LD_RUNPATH_SEARCH_PATHS = (
					"$(inherited)",
					"@executable_path/Frameworks",
					"@executable_path/../../Frameworks",
				);
				MARKETING_VERSION = 1.0;
				PRODUCT_BUNDLE_IDENTIFIER = com.jasonmayo.diewithoutregrets.OpenGuardIntent;
				PRODUCT_NAME = "$(TARGET_NAME)";
				SKIP_INSTALL = YES;
				SWIFT_EMIT_LOC_STRINGS = YES;
				SWIFT_VERSION = 5.0;
				TARGETED_DEVICE_FAMILY = "1,2";
			};
			name = Debug;
		};
		6B22E89E2D4C081C003A5685 /* Release */ = {
			isa = XCBuildConfiguration;
			buildSettings = {
				CODE_SIGN_ENTITLEMENTS = OpenGuardIntent/OpenGuardIntent.entitlements;
				CODE_SIGN_STYLE = Automatic;
				CURRENT_PROJECT_VERSION = 1;
				DEVELOPMENT_TEAM = 5BFXSF2PS6;
				GENERATE_INFOPLIST_FILE = YES;
				INFOPLIST_FILE = OpenGuardIntent/Info.plist;
				INFOPLIST_KEY_CFBundleDisplayName = OpenGuardIntent;
				INFOPLIST_KEY_NSHumanReadableCopyright = "";
				LD_RUNPATH_SEARCH_PATHS = (
					"$(inherited)",
					"@executable_path/Frameworks",
					"@executable_path/../../Frameworks",
				);
				MARKETING_VERSION = 1.0;
				PRODUCT_BUNDLE_IDENTIFIER = com.jasonmayo.diewithoutregrets.OpenGuardIntent;
				PRODUCT_NAME = "$(TARGET_NAME)";
				SKIP_INSTALL = YES;
				SWIFT_EMIT_LOC_STRINGS = YES;
				SWIFT_VERSION = 5.0;
				TARGETED_DEVICE_FAMILY = "1,2";
			};
			name = Release;
		};
		6B9D89CD2D3552E600DE8B2E /* Debug */ = {
			isa = XCBuildConfiguration;
			baseConfigurationReference = 6B74330C2DB19E5F0007270C /* Secrets.xcconfig */;
			buildSettings = {
				ALWAYS_SEARCH_USER_PATHS = NO;
				ASSETCATALOG_COMPILER_GENERATE_SWIFT_ASSET_SYMBOL_EXTENSIONS = YES;
				CLANG_ANALYZER_NONNULL = YES;
				CLANG_ANALYZER_NUMBER_OBJECT_CONVERSION = YES_AGGRESSIVE;
				CLANG_CXX_LANGUAGE_STANDARD = "gnu++20";
				CLANG_ENABLE_MODULES = YES;
				CLANG_ENABLE_OBJC_ARC = YES;
				CLANG_ENABLE_OBJC_WEAK = YES;
				CLANG_WARN_BLOCK_CAPTURE_AUTORELEASING = YES;
				CLANG_WARN_BOOL_CONVERSION = YES;
				CLANG_WARN_COMMA = YES;
				CLANG_WARN_CONSTANT_CONVERSION = YES;
				CLANG_WARN_DEPRECATED_OBJC_IMPLEMENTATIONS = YES;
				CLANG_WARN_DIRECT_OBJC_ISA_USAGE = YES_ERROR;
				CLANG_WARN_DOCUMENTATION_COMMENTS = YES;
				CLANG_WARN_EMPTY_BODY = YES;
				CLANG_WARN_ENUM_CONVERSION = YES;
				CLANG_WARN_INFINITE_RECURSION = YES;
				CLANG_WARN_INT_CONVERSION = YES;
				CLANG_WARN_NON_LITERAL_NULL_CONVERSION = YES;
				CLANG_WARN_OBJC_IMPLICIT_RETAIN_SELF = YES;
				CLANG_WARN_OBJC_LITERAL_CONVERSION = YES;
				CLANG_WARN_OBJC_ROOT_CLASS = YES_ERROR;
				CLANG_WARN_QUOTED_INCLUDE_IN_FRAMEWORK_HEADER = YES;
				CLANG_WARN_RANGE_LOOP_ANALYSIS = YES;
				CLANG_WARN_STRICT_PROTOTYPES = YES;
				CLANG_WARN_SUSPICIOUS_MOVE = YES;
				CLANG_WARN_UNGUARDED_AVAILABILITY = YES_AGGRESSIVE;
				CLANG_WARN_UNREACHABLE_CODE = YES;
				CLANG_WARN__DUPLICATE_METHOD_MATCH = YES;
				COPY_PHASE_STRIP = NO;
				DEBUG_INFORMATION_FORMAT = dwarf;
				ENABLE_STRICT_OBJC_MSGSEND = YES;
				ENABLE_TESTABILITY = YES;
				ENABLE_USER_SCRIPT_SANDBOXING = YES;
				GCC_C_LANGUAGE_STANDARD = gnu17;
				GCC_DYNAMIC_NO_PIC = NO;
				GCC_NO_COMMON_BLOCKS = YES;
				GCC_OPTIMIZATION_LEVEL = 0;
				GCC_PREPROCESSOR_DEFINITIONS = (
					"DEBUG=1",
					"$(inherited)",
				);
				GCC_WARN_64_TO_32_BIT_CONVERSION = YES;
				GCC_WARN_ABOUT_RETURN_TYPE = YES_ERROR;
				GCC_WARN_UNDECLARED_SELECTOR = YES;
				GCC_WARN_UNINITIALIZED_AUTOS = YES_AGGRESSIVE;
				GCC_WARN_UNUSED_FUNCTION = YES;
				GCC_WARN_UNUSED_VARIABLE = YES;
				IPHONEOS_DEPLOYMENT_TARGET = 17.2;
				LOCALIZATION_PREFERS_STRING_CATALOGS = YES;
				MTL_ENABLE_DEBUG_INFO = INCLUDE_SOURCE;
				MTL_FAST_MATH = YES;
				ONLY_ACTIVE_ARCH = YES;
				SDKROOT = iphoneos;
				SWIFT_ACTIVE_COMPILATION_CONDITIONS = "DEBUG $(inherited)";
				SWIFT_OPTIMIZATION_LEVEL = "-Onone";
			};
			name = Debug;
		};
		6B9D89CE2D3552E600DE8B2E /* Release */ = {
			isa = XCBuildConfiguration;
			baseConfigurationReference = 6B74330C2DB19E5F0007270C /* Secrets.xcconfig */;
			buildSettings = {
				ALWAYS_SEARCH_USER_PATHS = NO;
				ASSETCATALOG_COMPILER_GENERATE_SWIFT_ASSET_SYMBOL_EXTENSIONS = YES;
				CLANG_ANALYZER_NONNULL = YES;
				CLANG_ANALYZER_NUMBER_OBJECT_CONVERSION = YES_AGGRESSIVE;
				CLANG_CXX_LANGUAGE_STANDARD = "gnu++20";
				CLANG_ENABLE_MODULES = YES;
				CLANG_ENABLE_OBJC_ARC = YES;
				CLANG_ENABLE_OBJC_WEAK = YES;
				CLANG_WARN_BLOCK_CAPTURE_AUTORELEASING = YES;
				CLANG_WARN_BOOL_CONVERSION = YES;
				CLANG_WARN_COMMA = YES;
				CLANG_WARN_CONSTANT_CONVERSION = YES;
				CLANG_WARN_DEPRECATED_OBJC_IMPLEMENTATIONS = YES;
				CLANG_WARN_DIRECT_OBJC_ISA_USAGE = YES_ERROR;
				CLANG_WARN_DOCUMENTATION_COMMENTS = YES;
				CLANG_WARN_EMPTY_BODY = YES;
				CLANG_WARN_ENUM_CONVERSION = YES;
				CLANG_WARN_INFINITE_RECURSION = YES;
				CLANG_WARN_INT_CONVERSION = YES;
				CLANG_WARN_NON_LITERAL_NULL_CONVERSION = YES;
				CLANG_WARN_OBJC_IMPLICIT_RETAIN_SELF = YES;
				CLANG_WARN_OBJC_LITERAL_CONVERSION = YES;
				CLANG_WARN_OBJC_ROOT_CLASS = YES_ERROR;
				CLANG_WARN_QUOTED_INCLUDE_IN_FRAMEWORK_HEADER = YES;
				CLANG_WARN_RANGE_LOOP_ANALYSIS = YES;
				CLANG_WARN_STRICT_PROTOTYPES = YES;
				CLANG_WARN_SUSPICIOUS_MOVE = YES;
				CLANG_WARN_UNGUARDED_AVAILABILITY = YES_AGGRESSIVE;
				CLANG_WARN_UNREACHABLE_CODE = YES;
				CLANG_WARN__DUPLICATE_METHOD_MATCH = YES;
				COPY_PHASE_STRIP = NO;
				DEBUG_INFORMATION_FORMAT = "dwarf-with-dsym";
				ENABLE_NS_ASSERTIONS = NO;
				ENABLE_STRICT_OBJC_MSGSEND = YES;
				ENABLE_USER_SCRIPT_SANDBOXING = YES;
				GCC_C_LANGUAGE_STANDARD = gnu17;
				GCC_NO_COMMON_BLOCKS = YES;
				GCC_WARN_64_TO_32_BIT_CONVERSION = YES;
				GCC_WARN_ABOUT_RETURN_TYPE = YES_ERROR;
				GCC_WARN_UNDECLARED_SELECTOR = YES;
				GCC_WARN_UNINITIALIZED_AUTOS = YES_AGGRESSIVE;
				GCC_WARN_UNUSED_FUNCTION = YES;
				GCC_WARN_UNUSED_VARIABLE = YES;
				IPHONEOS_DEPLOYMENT_TARGET = 17.2;
				LOCALIZATION_PREFERS_STRING_CATALOGS = YES;
				MTL_ENABLE_DEBUG_INFO = NO;
				MTL_FAST_MATH = YES;
				SDKROOT = iphoneos;
				SWIFT_COMPILATION_MODE = wholemodule;
				VALIDATE_PRODUCT = YES;
			};
			name = Release;
		};
		6B9D89D02D3552E600DE8B2E /* Debug */ = {
			isa = XCBuildConfiguration;
			baseConfigurationReference = 6B74330C2DB19E5F0007270C /* Secrets.xcconfig */;
			buildSettings = {
				ALWAYS_EMBED_SWIFT_STANDARD_LIBRARIES = YES;
				ASSETCATALOG_COMPILER_APPICON_NAME = AppIcon;
				ASSETCATALOG_COMPILER_GLOBAL_ACCENT_COLOR_NAME = AccentColor;
				CODE_SIGN_ENTITLEMENTS = diewithoutregrets/diewithoutregrets.entitlements;
				CODE_SIGN_STYLE = Automatic;
				CURRENT_PROJECT_VERSION = 1;
				DEVELOPMENT_ASSET_PATHS = "\"diewithoutregrets/Preview Content\"";
				DEVELOPMENT_TEAM = 5BFXSF2PS6;
				ENABLE_PREVIEWS = YES;
				GENERATE_INFOPLIST_FILE = YES;
				INFOPLIST_FILE = diewithoutregrets/Info.plist;
				INFOPLIST_KEY_CFBundleDisplayName = "Study Guard";
				INFOPLIST_KEY_LSApplicationCategoryType = "public.app-category.productivity";
				INFOPLIST_KEY_UIApplicationSceneManifest_Generation = YES;
				INFOPLIST_KEY_UIApplicationSupportsIndirectInputEvents = YES;
				INFOPLIST_KEY_UILaunchScreen_Generation = YES;
				INFOPLIST_KEY_UISupportedInterfaceOrientations = UIInterfaceOrientationPortrait;
				IPHONEOS_DEPLOYMENT_TARGET = 17.0;
				LD_RUNPATH_SEARCH_PATHS = (
					"$(inherited)",
					"@executable_path/Frameworks",
				);
				MARKETING_VERSION = 1.14;
				PRODUCT_BUNDLE_IDENTIFIER = com.jasonmayo.diewithoutregrets;
				PRODUCT_NAME = "$(TARGET_NAME)";
				SUPPORTED_PLATFORMS = "iphoneos iphonesimulator";
				SUPPORTS_MACCATALYST = NO;
				SUPPORTS_MAC_DESIGNED_FOR_IPHONE_IPAD = NO;
				SUPPORTS_XR_DESIGNED_FOR_IPHONE_IPAD = NO;
				SWIFT_EMIT_LOC_STRINGS = YES;
				SWIFT_VERSION = 5.0;
				TARGETED_DEVICE_FAMILY = 1;
			};
			name = Debug;
		};
		6B9D89D12D3552E600DE8B2E /* Release */ = {
			isa = XCBuildConfiguration;
			baseConfigurationReference = 6B74330C2DB19E5F0007270C /* Secrets.xcconfig */;
			buildSettings = {
				ALWAYS_EMBED_SWIFT_STANDARD_LIBRARIES = YES;
				ASSETCATALOG_COMPILER_APPICON_NAME = AppIcon;
				ASSETCATALOG_COMPILER_GLOBAL_ACCENT_COLOR_NAME = AccentColor;
				CODE_SIGN_ENTITLEMENTS = diewithoutregrets/diewithoutregrets.entitlements;
				CODE_SIGN_STYLE = Automatic;
				CURRENT_PROJECT_VERSION = 1;
				DEVELOPMENT_ASSET_PATHS = "\"diewithoutregrets/Preview Content\"";
				DEVELOPMENT_TEAM = 5BFXSF2PS6;
				ENABLE_PREVIEWS = YES;
				GENERATE_INFOPLIST_FILE = YES;
				INFOPLIST_FILE = diewithoutregrets/Info.plist;
				INFOPLIST_KEY_CFBundleDisplayName = "Study Guard";
				INFOPLIST_KEY_LSApplicationCategoryType = "public.app-category.productivity";
				INFOPLIST_KEY_UIApplicationSceneManifest_Generation = YES;
				INFOPLIST_KEY_UIApplicationSupportsIndirectInputEvents = YES;
				INFOPLIST_KEY_UILaunchScreen_Generation = YES;
				INFOPLIST_KEY_UISupportedInterfaceOrientations = UIInterfaceOrientationPortrait;
				IPHONEOS_DEPLOYMENT_TARGET = 17.0;
				LD_RUNPATH_SEARCH_PATHS = (
					"$(inherited)",
					"@executable_path/Frameworks",
				);
				MARKETING_VERSION = 1.14;
				PRODUCT_BUNDLE_IDENTIFIER = com.jasonmayo.diewithoutregrets;
				PRODUCT_NAME = "$(TARGET_NAME)";
				SUPPORTED_PLATFORMS = "iphoneos iphonesimulator";
				SUPPORTS_MACCATALYST = NO;
				SUPPORTS_MAC_DESIGNED_FOR_IPHONE_IPAD = NO;
				SUPPORTS_XR_DESIGNED_FOR_IPHONE_IPAD = NO;
				SWIFT_EMIT_LOC_STRINGS = YES;
				SWIFT_VERSION = 5.0;
				TARGETED_DEVICE_FAMILY = 1;
			};
			name = Release;
		};
/* End XCBuildConfiguration section */

/* Begin XCConfigurationList section */
		6B22E8892D4A1D78003A5685 /* Build configuration list for PBXNativeTarget "RegretGuardIntent" */ = {
			isa = XCConfigurationList;
			buildConfigurations = (
				6B22E88A2D4A1D78003A5685 /* Debug */,
				6B22E88B2D4A1D78003A5685 /* Release */,
			);
			defaultConfigurationIsVisible = 0;
			defaultConfigurationName = Release;
		};
		6B22E89C2D4C081C003A5685 /* Build configuration list for PBXNativeTarget "OpenGuardIntent" */ = {
			isa = XCConfigurationList;
			buildConfigurations = (
				6B22E89D2D4C081C003A5685 /* Debug */,
				6B22E89E2D4C081C003A5685 /* Release */,
			);
			defaultConfigurationIsVisible = 0;
			defaultConfigurationName = Release;
		};
		6B9D89BC2D3552DF00DE8B2E /* Build configuration list for PBXProject "diewithoutregrets" */ = {
			isa = XCConfigurationList;
			buildConfigurations = (
				6B9D89CD2D3552E600DE8B2E /* Debug */,
				6B9D89CE2D3552E600DE8B2E /* Release */,
			);
			defaultConfigurationIsVisible = 0;
			defaultConfigurationName = Release;
		};
		6B9D89CF2D3552E600DE8B2E /* Build configuration list for PBXNativeTarget "diewithoutregrets" */ = {
			isa = XCConfigurationList;
			buildConfigurations = (
				6B9D89D02D3552E600DE8B2E /* Debug */,
				6B9D89D12D3552E600DE8B2E /* Release */,
			);
			defaultConfigurationIsVisible = 0;
			defaultConfigurationName = Release;
		};
/* End XCConfigurationList section */

/* Begin XCRemoteSwiftPackageReference section */
		40957BF52F6D1119005CC829 /* XCRemoteSwiftPackageReference "Singular-iOS-SDK" */ = {
			isa = XCRemoteSwiftPackageReference;
			repositoryURL = "https://github.com/singular-labs/Singular-iOS-SDK";
			requirement = {
				kind = upToNextMajorVersion;
				minimumVersion = 12.10.0;
			};
		};
		6B45F2E42DADB48E0053351D /* XCRemoteSwiftPackageReference "purchases-ios-spm" */ = {
			isa = XCRemoteSwiftPackageReference;
			repositoryURL = "https://github.com/RevenueCat/purchases-ios-spm.git";
			requirement = {
				kind = upToNextMajorVersion;
				minimumVersion = 5.21.1;
			};
		};
		6BC21A1E2DB428EE00B777A0 /* XCRemoteSwiftPackageReference "posthog-ios" */ = {
			isa = XCRemoteSwiftPackageReference;
			repositoryURL = "https://github.com/PostHog/posthog-ios.git";
			requirement = {
				kind = upToNextMajorVersion;
				minimumVersion = 3.24.0;
			};
		};
		6BE29CF92DB82D0800505D57 /* XCRemoteSwiftPackageReference "ios-branch-sdk-spm" */ = {
			isa = XCRemoteSwiftPackageReference;
			repositoryURL = "https://github.com/BranchMetrics/ios-branch-sdk-spm.git";
			requirement = {
				kind = upToNextMajorVersion;
				minimumVersion = 3.10.0;
			};
		};
		C0A200012F61000000000010 /* XCRemoteSwiftPackageReference "lottie-ios" */ = {
			isa = XCRemoteSwiftPackageReference;
			repositoryURL = "https://github.com/airbnb/lottie-ios.git";
			requirement = {
				kind = upToNextMajorVersion;
				minimumVersion = 4.4.0;
			};
		};
/* End XCRemoteSwiftPackageReference section */

/* Begin XCSwiftPackageProductDependency section */
		40957BF62F6D1119005CC829 /* Singular */ = {
			isa = XCSwiftPackageProductDependency;
			package = 40957BF52F6D1119005CC829 /* XCRemoteSwiftPackageReference "Singular-iOS-SDK" */;
			productName = Singular;
		};
		6B45F2E52DADB48E0053351D /* RevenueCat */ = {
			isa = XCSwiftPackageProductDependency;
			package = 6B45F2E42DADB48E0053351D /* XCRemoteSwiftPackageReference "purchases-ios-spm" */;
			productName = RevenueCat;
		};
		6B45F2E72DADB48E0053351D /* RevenueCatUI */ = {
			isa = XCSwiftPackageProductDependency;
			package = 6B45F2E42DADB48E0053351D /* XCRemoteSwiftPackageReference "purchases-ios-spm" */;
			productName = RevenueCatUI;
		};
		6BC21A1F2DB428EE00B777A0 /* PostHog */ = {
			isa = XCSwiftPackageProductDependency;
			package = 6BC21A1E2DB428EE00B777A0 /* XCRemoteSwiftPackageReference "posthog-ios" */;
			productName = PostHog;
		};
		6BE29CFA2DB82D0800505D57 /* BranchSDK */ = {
			isa = XCSwiftPackageProductDependency;
			package = 6BE29CF92DB82D0800505D57 /* XCRemoteSwiftPackageReference "ios-branch-sdk-spm" */;
			productName = BranchSDK;
		};
		C0A200022F61000000000011 /* Lottie */ = {
			isa = XCSwiftPackageProductDependency;
			package = C0A200012F61000000000010 /* XCRemoteSwiftPackageReference "lottie-ios" */;
			productName = Lottie;
		};
/* End XCSwiftPackageProductDependency section */
	};
	rootObject = 6B9D89B92D3552DF00DE8B2E /* Project object */;
}
