// !$*UTF8*$!
{
	archiveVersion = 1;
	classes = {
	};
	objectVersion = 56;
	objects = {

/* Begin PBXBuildFile section */
		6B22E8522D48CDD2003A5685 /* RegretView.swift in Sources */ = {isa = PBXBuildFile; fileRef = 6B22E8512D48CDD2003A5685 /* RegretView.swift */; };
		6B22E8542D48CEB6003A5685 /* CustomColor.swift in Sources */ = {isa = PBXBuildFile; fileRef = 6B22E8532D48CEB6003A5685 /* CustomColor.swift */; };
		6B22E8592D48D0FB003A5685 /* RegretReportView.swift in Sources */ = {isa = PBXBuildFile; fileRef = 6B22E8582D48D0FB003A5685 /* RegretReportView.swift */; };
		6B22E85B2D48D155003A5685 /* RegretGuard.swift in Sources */ = {isa = PBXBuildFile; fileRef = 6B22E85A2D48D155003A5685 /* RegretGuard.swift */; };
		6B22E85D2D48D984003A5685 /* RegretGuardInstructionSheet.swift in Sources */ = {isa = PBXBuildFile; fileRef = 6B22E85C2D48D984003A5685 /* RegretGuardInstructionSheet.swift */; };
		6B22E85F2D48EA5F003A5685 /* MeshGradient.swift in Sources */ = {isa = PBXBuildFile; fileRef = 6B22E85E2D48EA5F003A5685 /* MeshGradient.swift */; };
		6B22E8612D490092003A5685 /* RegretGuardApps.swift in Sources */ = {isa = PBXBuildFile; fileRef = 6B22E8602D490092003A5685 /* RegretGuardApps.swift */; };
		6B22E8632D490126003A5685 /* RegretGuardViewModel.swift in Sources */ = {isa = PBXBuildFile; fileRef = 6B22E8622D490126003A5685 /* RegretGuardViewModel.swift */; };
		6B22E8672D4910B3003A5685 /* RegretEditorSheet.swift in Sources */ = {isa = PBXBuildFile; fileRef = 6B22E8662D4910B3003A5685 /* RegretEditorSheet.swift */; };
		6B22E8692D4A17A2003A5685 /* RegretViewModel.swift in Sources */ = {isa = PBXBuildFile; fileRef = 6B22E8682D4A17A2003A5685 /* RegretViewModel.swift */; };
		6B9D89C52D3552E000DE8B2E /* diewithoutregretsApp.swift in Sources */ = {isa = PBXBuildFile; fileRef = 6B9D89C42D3552E000DE8B2E /* diewithoutregretsApp.swift */; };
		6B9D89C72D3552E000DE8B2E /* ContentView.swift in Sources */ = {isa = PBXBuildFile; fileRef = 6B9D89C62D3552E000DE8B2E /* ContentView.swift */; };
		6B9D89C92D3552E600DE8B2E /* Assets.xcassets in Resources */ = {isa = PBXBuildFile; fileRef = 6B9D89C82D3552E600DE8B2E /* Assets.xcassets */; };
		6B9D89CC2D3552E600DE8B2E /* Preview Assets.xcassets in Resources */ = {isa = PBXBuildFile; fileRef = 6B9D89CB2D3552E600DE8B2E /* Preview Assets.xcassets */; };
/* End PBXBuildFile section */

/* Begin PBXFileReference section */
		6B22E8512D48CDD2003A5685 /* RegretView.swift */ = {isa = PBXFileReference; lastKnownFileType = sourcecode.swift; path = RegretView.swift; sourceTree = "<group>"; };
		6B22E8532D48CEB6003A5685 /* CustomColor.swift */ = {isa = PBXFileReference; lastKnownFileType = sourcecode.swift; path = CustomColor.swift; sourceTree = "<group>"; };
		6B22E8582D48D0FB003A5685 /* RegretReportView.swift */ = {isa = PBXFileReference; lastKnownFileType = sourcecode.swift; path = RegretReportView.swift; sourceTree = "<group>"; };
		6B22E85A2D48D155003A5685 /* RegretGuard.swift */ = {isa = PBXFileReference; lastKnownFileType = sourcecode.swift; path = RegretGuard.swift; sourceTree = "<group>"; };
		6B22E85C2D48D984003A5685 /* RegretGuardInstructionSheet.swift */ = {isa = PBXFileReference; lastKnownFileType = sourcecode.swift; path = RegretGuardInstructionSheet.swift; sourceTree = "<group>"; };
		6B22E85E2D48EA5F003A5685 /* MeshGradient.swift */ = {isa = PBXFileReference; lastKnownFileType = sourcecode.swift; path = MeshGradient.swift; sourceTree = "<group>"; };
		6B22E8602D490092003A5685 /* RegretGuardApps.swift */ = {isa = PBXFileReference; lastKnownFileType = sourcecode.swift; path = RegretGuardApps.swift; sourceTree = "<group>"; };
		6B22E8622D490126003A5685 /* RegretGuardViewModel.swift */ = {isa = PBXFileReference; lastKnownFileType = sourcecode.swift; path = RegretGuardViewModel.swift; sourceTree = "<group>"; };
		6B22E8662D4910B3003A5685 /* RegretEditorSheet.swift */ = {isa = PBXFileReference; lastKnownFileType = sourcecode.swift; path = RegretEditorSheet.swift; sourceTree = "<group>"; };
		6B22E8682D4A17A2003A5685 /* RegretViewModel.swift */ = {isa = PBXFileReference; lastKnownFileType = sourcecode.swift; path = RegretViewModel.swift; sourceTree = "<group>"; };
		6B9D89C12D3552DF00DE8B2E /* diewithoutregrets.app */ = {isa = PBXFileReference; explicitFileType = wrapper.application; includeInIndex = 0; path = diewithoutregrets.app; sourceTree = BUILT_PRODUCTS_DIR; };
		6B9D89C42D3552E000DE8B2E /* diewithoutregretsApp.swift */ = {isa = PBXFileReference; lastKnownFileType = sourcecode.swift; path = diewithoutregretsApp.swift; sourceTree = "<group>"; };
		6B9D89C62D3552E000DE8B2E /* ContentView.swift */ = {isa = PBXFileReference; lastKnownFileType = sourcecode.swift; path = ContentView.swift; sourceTree = "<group>"; };
		6B9D89C82D3552E600DE8B2E /* Assets.xcassets */ = {isa = PBXFileReference; lastKnownFileType = folder.assetcatalog; path = Assets.xcassets; sourceTree = "<group>"; };
		6B9D89CB2D3552E600DE8B2E /* Preview Assets.xcassets */ = {isa = PBXFileReference; lastKnownFileType = folder.assetcatalog; path = "Preview Assets.xcassets"; sourceTree = "<group>"; };
/* End PBXFileReference section */

/* Begin PBXFrameworksBuildPhase section */
		6B9D89BE2D3552DF00DE8B2E /* Frameworks */ = {
			isa = PBXFrameworksBuildPhase;
			buildActionMask = 2147483647;
			files = (
			);
			runOnlyForDeploymentPostprocessing = 0;
		};
/* End PBXFrameworksBuildPhase section */

/* Begin PBXGroup section */
		6B22E8492D480412003A5685 /* Resources */ = {
			isa = PBXGroup;
			children = (
				6B22E8532D48CEB6003A5685 /* CustomColor.swift */,
				6B22E85E2D48EA5F003A5685 /* MeshGradient.swift */,
			);
			path = Resources;
			sourceTree = "<group>";
		};
		6B22E84A2D480440003A5685 /* Base */ = {
			isa = PBXGroup;
			children = (
			);
			path = Base;
			sourceTree = "<group>";
		};
		6B22E84B2D480446003A5685 /* Features */ = {
			isa = PBXGroup;
			children = (
				6B22E84D2D480488003A5685 /* RegretGuard */,
				6B22E84C2D48045D003A5685 /* RegretReport */,
			);
			path = Features;
			sourceTree = "<group>";
		};
		6B22E84C2D48045D003A5685 /* RegretReport */ = {
			isa = PBXGroup;
			children = (
				6B22E8572D48D0DD003A5685 /* ViewModels */,
				6B22E8562D48D0D4003A5685 /* Models */,
				6B22E8552D48D0CE003A5685 /* Views */,
			);
			path = RegretReport;
			sourceTree = "<group>";
		};
		6B22E84D2D480488003A5685 /* RegretGuard */ = {
			isa = PBXGroup;
			children = (
				6B22E8502D480528003A5685 /* ViewModels */,
				6B22E84F2D480523003A5685 /* Models */,
				6B22E84E2D480517003A5685 /* Views */,
			);
			path = RegretGuard;
			sourceTree = "<group>";
		};
		6B22E84E2D480517003A5685 /* Views */ = {
			isa = PBXGroup;
			children = (
				6B22E8512D48CDD2003A5685 /* RegretView.swift */,
				6B22E85A2D48D155003A5685 /* RegretGuard.swift */,
				6B22E85C2D48D984003A5685 /* RegretGuardInstructionSheet.swift */,
				6B22E8662D4910B3003A5685 /* RegretEditorSheet.swift */,
			);
			path = Views;
			sourceTree = "<group>";
		};
		6B22E84F2D480523003A5685 /* Models */ = {
			isa = PBXGroup;
			children = (
				6B22E8602D490092003A5685 /* RegretGuardApps.swift */,
			);
			path = Models;
			sourceTree = "<group>";
		};
		6B22E8502D480528003A5685 /* ViewModels */ = {
			isa = PBXGroup;
			children = (
				6B22E8622D490126003A5685 /* RegretGuardViewModel.swift */,
				6B22E8682D4A17A2003A5685 /* RegretViewModel.swift */,
			);
			path = ViewModels;
			sourceTree = "<group>";
		};
		6B22E8552D48D0CE003A5685 /* Views */ = {
			isa = PBXGroup;
			children = (
				6B22E8582D48D0FB003A5685 /* RegretReportView.swift */,
			);
			path = Views;
			sourceTree = "<group>";
		};
		6B22E8562D48D0D4003A5685 /* Models */ = {
			isa = PBXGroup;
			children = (
			);
			path = Models;
			sourceTree = "<group>";
		};
		6B22E8572D48D0DD003A5685 /* ViewModels */ = {
			isa = PBXGroup;
			children = (
			);
			path = ViewModels;
			sourceTree = "<group>";
		};
		6B9D89B82D3552DF00DE8B2E = {
			isa = PBXGroup;
			children = (
				6B9D89C32D3552E000DE8B2E /* diewithoutregrets */,
				6B9D89C22D3552DF00DE8B2E /* Products */,
			);
			sourceTree = "<group>";
		};
		6B9D89C22D3552DF00DE8B2E /* Products */ = {
			isa = PBXGroup;
			children = (
				6B9D89C12D3552DF00DE8B2E /* diewithoutregrets.app */,
			);
			name = Products;
			sourceTree = "<group>";
		};
		6B9D89C32D3552E000DE8B2E /* diewithoutregrets */ = {
			isa = PBXGroup;
			children = (
				6B22E84B2D480446003A5685 /* Features */,
				6B22E84A2D480440003A5685 /* Base */,
				6B22E8492D480412003A5685 /* Resources */,
				6B9D89C42D3552E000DE8B2E /* diewithoutregretsApp.swift */,
				6B9D89C62D3552E000DE8B2E /* ContentView.swift */,
				6B9D89C82D3552E600DE8B2E /* Assets.xcassets */,
				6B9D89CA2D3552E600DE8B2E /* Preview Content */,
			);
			path = diewithoutregrets;
			sourceTree = "<group>";
		};
		6B9D89CA2D3552E600DE8B2E /* Preview Content */ = {
			isa = PBXGroup;
			children = (
				6B9D89CB2D3552E600DE8B2E /* Preview Assets.xcassets */,
			);
			path = "Preview Content";
			sourceTree = "<group>";
		};
/* End PBXGroup section */

/* Begin PBXNativeTarget section */
		6B9D89C02D3552DF00DE8B2E /* diewithoutregrets */ = {
			isa = PBXNativeTarget;
			buildConfigurationList = 6B9D89CF2D3552E600DE8B2E /* Build configuration list for PBXNativeTarget "diewithoutregrets" */;
			buildPhases = (
				6B9D89BD2D3552DF00DE8B2E /* Sources */,
				6B9D89BE2D3552DF00DE8B2E /* Frameworks */,
				6B9D89BF2D3552DF00DE8B2E /* Resources */,
			);
			buildRules = (
			);
			dependencies = (
			);
			name = diewithoutregrets;
			productName = diewithoutregrets;
			productReference = 6B9D89C12D3552DF00DE8B2E /* diewithoutregrets.app */;
			productType = "com.apple.product-type.application";
		};
/* End PBXNativeTarget section */

/* Begin PBXProject section */
		6B9D89B92D3552DF00DE8B2E /* Project object */ = {
			isa = PBXProject;
			attributes = {
				BuildIndependentTargetsInParallel = 1;
				LastSwiftUpdateCheck = 1520;
				LastUpgradeCheck = 1520;
				TargetAttributes = {
					6B9D89C02D3552DF00DE8B2E = {
						CreatedOnToolsVersion = 15.2;
					};
				};
			};
			buildConfigurationList = 6B9D89BC2D3552DF00DE8B2E /* Build configuration list for PBXProject "diewithoutregrets" */;
			compatibilityVersion = "Xcode 14.0";
			developmentRegion = en;
			hasScannedForEncodings = 0;
			knownRegions = (
				en,
				Base,
			);
			mainGroup = 6B9D89B82D3552DF00DE8B2E;
			productRefGroup = 6B9D89C22D3552DF00DE8B2E /* Products */;
			projectDirPath = "";
			projectRoot = "";
			targets = (
				6B9D89C02D3552DF00DE8B2E /* diewithoutregrets */,
			);
		};
/* End PBXProject section */

/* Begin PBXResourcesBuildPhase section */
		6B9D89BF2D3552DF00DE8B2E /* Resources */ = {
			isa = PBXResourcesBuildPhase;
			buildActionMask = 2147483647;
			files = (
				6B9D89CC2D3552E600DE8B2E /* Preview Assets.xcassets in Resources */,
				6B9D89C92D3552E600DE8B2E /* Assets.xcassets in Resources */,
			);
			runOnlyForDeploymentPostprocessing = 0;
		};
/* End PBXResourcesBuildPhase section */

/* Begin PBXSourcesBuildPhase section */
		6B9D89BD2D3552DF00DE8B2E /* Sources */ = {
			isa = PBXSourcesBuildPhase;
			buildActionMask = 2147483647;
			files = (
				6B22E85F2D48EA5F003A5685 /* MeshGradient.swift in Sources */,
				6B22E8632D490126003A5685 /* RegretGuardViewModel.swift in Sources */,
				6B22E8672D4910B3003A5685 /* RegretEditorSheet.swift in Sources */,
				6B22E8592D48D0FB003A5685 /* RegretReportView.swift in Sources */,
				6B22E85D2D48D984003A5685 /* RegretGuardInstructionSheet.swift in Sources */,
				6B9D89C72D3552E000DE8B2E /* ContentView.swift in Sources */,
				6B9D89C52D3552E000DE8B2E /* diewithoutregretsApp.swift in Sources */,
				6B22E8542D48CEB6003A5685 /* CustomColor.swift in Sources */,
				6B22E85B2D48D155003A5685 /* RegretGuard.swift in Sources */,
				6B22E8692D4A17A2003A5685 /* RegretViewModel.swift in Sources */,
				6B22E8522D48CDD2003A5685 /* RegretView.swift in Sources */,
				6B22E8612D490092003A5685 /* RegretGuardApps.swift in Sources */,
			);
			runOnlyForDeploymentPostprocessing = 0;
		};
/* End PBXSourcesBuildPhase section */

/* Begin XCBuildConfiguration section */
		6B9D89CD2D3552E600DE8B2E /* Debug */ = {
			isa = XCBuildConfiguration;
			buildSettings = {
				ALWAYS_SEARCH_USER_PATHS = NO;
				ASSETCATALOG_COMPILER_GENERATE_SWIFT_ASSET_SYMBOL_EXTENSIONS = YES;
				CLANG_ANALYZER_NONNULL = YES;
				CLANG_ANALYZER_NUMBER_OBJECT_CONVERSION = YES_AGGRESSIVE;
				CLANG_CXX_LANGUAGE_STANDARD = "gnu++20";
				CLANG_ENABLE_MODULES = YES;
				CLANG_ENABLE_OBJC_ARC = YES;
				CLANG_ENABLE_OBJC_WEAK = YES;
				CLANG_WARN_BLOCK_CAPTURE_AUTORELEASING = YES;
				CLANG_WARN_BOOL_CONVERSION = YES;
				CLANG_WARN_COMMA = YES;
				CLANG_WARN_CONSTANT_CONVERSION = YES;
				CLANG_WARN_DEPRECATED_OBJC_IMPLEMENTATIONS = YES;
				CLANG_WARN_DIRECT_OBJC_ISA_USAGE = YES_ERROR;
				CLANG_WARN_DOCUMENTATION_COMMENTS = YES;
				CLANG_WARN_EMPTY_BODY = YES;
				CLANG_WARN_ENUM_CONVERSION = YES;
				CLANG_WARN_INFINITE_RECURSION = YES;
				CLANG_WARN_INT_CONVERSION = YES;
				CLANG_WARN_NON_LITERAL_NULL_CONVERSION = YES;
				CLANG_WARN_OBJC_IMPLICIT_RETAIN_SELF = YES;
				CLANG_WARN_OBJC_LITERAL_CONVERSION = YES;
				CLANG_WARN_OBJC_ROOT_CLASS = YES_ERROR;
				CLANG_WARN_QUOTED_INCLUDE_IN_FRAMEWORK_HEADER = YES;
				CLANG_WARN_RANGE_LOOP_ANALYSIS = YES;
				CLANG_WARN_STRICT_PROTOTYPES = YES;
				CLANG_WARN_SUSPICIOUS_MOVE = YES;
				CLANG_WARN_UNGUARDED_AVAILABILITY = YES_AGGRESSIVE;
				CLANG_WARN_UNREACHABLE_CODE = YES;
				CLANG_WARN__DUPLICATE_METHOD_MATCH = YES;
				COPY_PHASE_STRIP = NO;
				DEBUG_INFORMATION_FORMAT = dwarf;
				ENABLE_STRICT_OBJC_MSGSEND = YES;
				ENABLE_TESTABILITY = YES;
				ENABLE_USER_SCRIPT_SANDBOXING = YES;
				GCC_C_LANGUAGE_STANDARD = gnu17;
				GCC_DYNAMIC_NO_PIC = NO;
				GCC_NO_COMMON_BLOCKS = YES;
				GCC_OPTIMIZATION_LEVEL = 0;
				GCC_PREPROCESSOR_DEFINITIONS = (
					"DEBUG=1",
					"$(inherited)",
				);
				GCC_WARN_64_TO_32_BIT_CONVERSION = YES;
				GCC_WARN_ABOUT_RETURN_TYPE = YES_ERROR;
				GCC_WARN_UNDECLARED_SELECTOR = YES;
				GCC_WARN_UNINITIALIZED_AUTOS = YES_AGGRESSIVE;
				GCC_WARN_UNUSED_FUNCTION = YES;
				GCC_WARN_UNUSED_VARIABLE = YES;
				IPHONEOS_DEPLOYMENT_TARGET = 17.2;
				LOCALIZATION_PREFERS_STRING_CATALOGS = YES;
				MTL_ENABLE_DEBUG_INFO = INCLUDE_SOURCE;
				MTL_FAST_MATH = YES;
				ONLY_ACTIVE_ARCH = YES;
				SDKROOT = iphoneos;
				SWIFT_ACTIVE_COMPILATION_CONDITIONS = "DEBUG $(inherited)";
				SWIFT_OPTIMIZATION_LEVEL = "-Onone";
			};
			name = Debug;
		};
		6B9D89CE2D3552E600DE8B2E /* Release */ = {
			isa = XCBuildConfiguration;
			buildSettings = {
				ALWAYS_SEARCH_USER_PATHS = NO;
				ASSETCATALOG_COMPILER_GENERATE_SWIFT_ASSET_SYMBOL_EXTENSIONS = YES;
				CLANG_ANALYZER_NONNULL = YES;
				CLANG_ANALYZER_NUMBER_OBJECT_CONVERSION = YES_AGGRESSIVE;
				CLANG_CXX_LANGUAGE_STANDARD = "gnu++20";
				CLANG_ENABLE_MODULES = YES;
				CLANG_ENABLE_OBJC_ARC = YES;
				CLANG_ENABLE_OBJC_WEAK = YES;
				CLANG_WARN_BLOCK_CAPTURE_AUTORELEASING = YES;
				CLANG_WARN_BOOL_CONVERSION = YES;
				CLANG_WARN_COMMA = YES;
				CLANG_WARN_CONSTANT_CONVERSION = YES;
				CLANG_WARN_DEPRECATED_OBJC_IMPLEMENTATIONS = YES;
				CLANG_WARN_DIRECT_OBJC_ISA_USAGE = YES_ERROR;
				CLANG_WARN_DOCUMENTATION_COMMENTS = YES;
				CLANG_WARN_EMPTY_BODY = YES;
				CLANG_WARN_ENUM_CONVERSION = YES;
				CLANG_WARN_INFINITE_RECURSION = YES;
				CLANG_WARN_INT_CONVERSION = YES;
				CLANG_WARN_NON_LITERAL_NULL_CONVERSION = YES;
				CLANG_WARN_OBJC_IMPLICIT_RETAIN_SELF = YES;
				CLANG_WARN_OBJC_LITERAL_CONVERSION = YES;
				CLANG_WARN_OBJC_ROOT_CLASS = YES_ERROR;
				CLANG_WARN_QUOTED_INCLUDE_IN_FRAMEWORK_HEADER = YES;
				CLANG_WARN_RANGE_LOOP_ANALYSIS = YES;
				CLANG_WARN_STRICT_PROTOTYPES = YES;
				CLANG_WARN_SUSPICIOUS_MOVE = YES;
				CLANG_WARN_UNGUARDED_AVAILABILITY = YES_AGGRESSIVE;
				CLANG_WARN_UNREACHABLE_CODE = YES;
				CLANG_WARN__DUPLICATE_METHOD_MATCH = YES;
				COPY_PHASE_STRIP = NO;
				DEBUG_INFORMATION_FORMAT = "dwarf-with-dsym";
				ENABLE_NS_ASSERTIONS = NO;
				ENABLE_STRICT_OBJC_MSGSEND = YES;
				ENABLE_USER_SCRIPT_SANDBOXING = YES;
				GCC_C_LANGUAGE_STANDARD = gnu17;
				GCC_NO_COMMON_BLOCKS = YES;
				GCC_WARN_64_TO_32_BIT_CONVERSION = YES;
				GCC_WARN_ABOUT_RETURN_TYPE = YES_ERROR;
				GCC_WARN_UNDECLARED_SELECTOR = YES;
				GCC_WARN_UNINITIALIZED_AUTOS = YES_AGGRESSIVE;
				GCC_WARN_UNUSED_FUNCTION = YES;
				GCC_WARN_UNUSED_VARIABLE = YES;
				IPHONEOS_DEPLOYMENT_TARGET = 17.2;
				LOCALIZATION_PREFERS_STRING_CATALOGS = YES;
				MTL_ENABLE_DEBUG_INFO = NO;
				MTL_FAST_MATH = YES;
				SDKROOT = iphoneos;
				SWIFT_COMPILATION_MODE = wholemodule;
				VALIDATE_PRODUCT = YES;
			};
			name = Release;
		};
		6B9D89D02D3552E600DE8B2E /* Debug */ = {
			isa = XCBuildConfiguration;
			buildSettings = {
				ASSETCATALOG_COMPILER_APPICON_NAME = AppIcon;
				ASSETCATALOG_COMPILER_GLOBAL_ACCENT_COLOR_NAME = AccentColor;
				CODE_SIGN_STYLE = Automatic;
				CURRENT_PROJECT_VERSION = 1;
				DEVELOPMENT_ASSET_PATHS = "\"diewithoutregrets/Preview Content\"";
				DEVELOPMENT_TEAM = 5BFXSF2PS6;
				ENABLE_PREVIEWS = YES;
				GENERATE_INFOPLIST_FILE = YES;
				INFOPLIST_KEY_UIApplicationSceneManifest_Generation = YES;
				INFOPLIST_KEY_UIApplicationSupportsIndirectInputEvents = YES;
				INFOPLIST_KEY_UILaunchScreen_Generation = YES;
				INFOPLIST_KEY_UISupportedInterfaceOrientations_iPad = "UIInterfaceOrientationPortrait UIInterfaceOrientationPortraitUpsideDown UIInterfaceOrientationLandscapeLeft UIInterfaceOrientationLandscapeRight";
				INFOPLIST_KEY_UISupportedInterfaceOrientations_iPhone = "UIInterfaceOrientationPortrait UIInterfaceOrientationLandscapeLeft UIInterfaceOrientationLandscapeRight";
				LD_RUNPATH_SEARCH_PATHS = (
					"$(inherited)",
					"@executable_path/Frameworks",
				);
				MARKETING_VERSION = 1.0;
				PRODUCT_BUNDLE_IDENTIFIER = com.jasonmayo.diewithoutregrets;
				PRODUCT_NAME = "$(TARGET_NAME)";
				SWIFT_EMIT_LOC_STRINGS = YES;
				SWIFT_VERSION = 5.0;
				TARGETED_DEVICE_FAMILY = "1,2";
			};
			name = Debug;
		};
		6B9D89D12D3552E600DE8B2E /* Release */ = {
			isa = XCBuildConfiguration;
			buildSettings = {
				ASSETCATALOG_COMPILER_APPICON_NAME = AppIcon;
				ASSETCATALOG_COMPILER_GLOBAL_ACCENT_COLOR_NAME = AccentColor;
				CODE_SIGN_STYLE = Automatic;
				CURRENT_PROJECT_VERSION = 1;
				DEVELOPMENT_ASSET_PATHS = "\"diewithoutregrets/Preview Content\"";
				DEVELOPMENT_TEAM = 5BFXSF2PS6;
				ENABLE_PREVIEWS = YES;
				GENERATE_INFOPLIST_FILE = YES;
				INFOPLIST_KEY_UIApplicationSceneManifest_Generation = YES;
				INFOPLIST_KEY_UIApplicationSupportsIndirectInputEvents = YES;
				INFOPLIST_KEY_UILaunchScreen_Generation = YES;
				INFOPLIST_KEY_UISupportedInterfaceOrientations_iPad = "UIInterfaceOrientationPortrait UIInterfaceOrientationPortraitUpsideDown UIInterfaceOrientationLandscapeLeft UIInterfaceOrientationLandscapeRight";
				INFOPLIST_KEY_UISupportedInterfaceOrientations_iPhone = "UIInterfaceOrientationPortrait UIInterfaceOrientationLandscapeLeft UIInterfaceOrientationLandscapeRight";
				LD_RUNPATH_SEARCH_PATHS = (
					"$(inherited)",
					"@executable_path/Frameworks",
				);
				MARKETING_VERSION = 1.0;
				PRODUCT_BUNDLE_IDENTIFIER = com.jasonmayo.diewithoutregrets;
				PRODUCT_NAME = "$(TARGET_NAME)";
				SWIFT_EMIT_LOC_STRINGS = YES;
				SWIFT_VERSION = 5.0;
				TARGETED_DEVICE_FAMILY = "1,2";
			};
			name = Release;
		};
/* End XCBuildConfiguration section */

/* Begin XCConfigurationList section */
		6B9D89BC2D3552DF00DE8B2E /* Build configuration list for PBXProject "diewithoutregrets" */ = {
			isa = XCConfigurationList;
			buildConfigurations = (
				6B9D89CD2D3552E600DE8B2E /* Debug */,
				6B9D89CE2D3552E600DE8B2E /* Release */,
			);
			defaultConfigurationIsVisible = 0;
			defaultConfigurationName = Release;
		};
		6B9D89CF2D3552E600DE8B2E /* Build configuration list for PBXNativeTarget "diewithoutregrets" */ = {
			isa = XCConfigurationList;
			buildConfigurations = (
				6B9D89D02D3552E600DE8B2E /* Debug */,
				6B9D89D12D3552E600DE8B2E /* Release */,
			);
			defaultConfigurationIsVisible = 0;
			defaultConfigurationName = Release;
		};
/* End XCConfigurationList section */
	};
	rootObject = 6B9D89B92D3552DF00DE8B2E /* Project object */;
}
