{
  "originHash" : "3a7d8f8ad4fe829fe813953a19725cdae0975157bbfc00645467aa8b0a49d008",
  "pins" : [
    {
      "identity" : "ios-branch-sdk-spm",
      "kind" : "remoteSourceControl",
      "location" : "https://github.com/BranchMetrics/ios-branch-sdk-spm.git",
      "state" : {
        "revision" : "e3b2b380f483ab16e072ad329c6e2c019a2e88c5",
        "version" : "3.10.0"
      }
    },
    {
      "identity" : "lottie-ios",
      "kind" : "remoteSourceControl",
      "location" : "https://github.com/airbnb/lottie-ios",
      "state" : {
        "revision" : "a004050748dc197c56256a14dca49a035d74726c",
        "version" : "4.5.2"
      }
    },
    {
      "identity" : "posthog-ios",
      "kind" : "remoteSourceControl",
      "location" : "https://github.com/PostHog/posthog-ios.git",
      "state" : {
        "revision" : "1b011434301250ca75098c40fecad9ba3d209307",
        "version" : "3.24.0"
      }
    },
    {
      "identity" : "purchases-ios-spm",
      "kind" : "remoteSourceControl",
      "location" : "https://github.com/RevenueCat/purchases-ios-spm.git",
      "state" : {
        "revision" : "bd63241b2258ea519020eb32a349db44fb44b119",
        "version" : "5.68.0"
      }
    },
    {
      "identity" : "sentry-cocoa",
      "kind" : "remoteSourceControl",
      "location" : "https://github.com/getsentry/sentry-cocoa/",
      "state" : {
        "revision" : "cf44aa8cb4147f39e698c1f28be0b6b2c89f79d2",
        "version" : "8.58.2"
      }
    },
    {
      "identity" : "tiktok-business-ios-sdk",
      "kind" : "remoteSourceControl",
      "location" : "https://github.com/tiktok/tiktok-business-ios-sdk",
      "state" : {
        "revision" : "4d330d4da158190d2c67b2142c2bd36c9eb5291e",
        "version" : "1.6.1"
      }
    }
  ],
  "version" : 3
}
