{
  "originHash" : "08cbe3a9240e65e68fbb3c4a2f83caaea5e4bb10aed319f78548e7197af17ed0",
  "pins" : [
    {
      "identity" : "ios-appstack-sdk",
      "kind" : "remoteSourceControl",
      "location" : "https://github.com/appstack-tech/ios-appstack-sdk.git",
      "state" : {
        "revision" : "2f065113a9e35ee7e6d82b83417b23160aa92708",
        "version" : "4.6.0"
      }
    },
    {
      "identity" : "ios-branch-sdk-spm",
      "kind" : "remoteSourceControl",
      "location" : "https://github.com/BranchMetrics/ios-branch-sdk-spm.git",
      "state" : {
        "revision" : "ec34dd77d08cb8ae017def1e66b4bf59a62a5bce",
        "version" : "3.14.2"
      }
    },
    {
      "identity" : "lottie-ios",
      "kind" : "remoteSourceControl",
      "location" : "https://github.com/airbnb/lottie-ios.git",
      "state" : {
        "revision" : "f4db77d7feacba0c2360b84a40c38a6ce8ff399d",
        "version" : "4.6.1"
      }
    },
    {
      "identity" : "posthog-ios",
      "kind" : "remoteSourceControl",
      "location" : "https://github.com/PostHog/posthog-ios.git",
      "state" : {
        "revision" : "c0218386c49115cce6b05a50b41f4f60bc995acb",
        "version" : "3.69.6"
      }
    },
    {
      "identity" : "purchases-ios-spm",
      "kind" : "remoteSourceControl",
      "location" : "https://github.com/RevenueCat/purchases-ios-spm.git",
      "state" : {
        "revision" : "48601a7f742b05abcd9d9c7d3d768b97e800aa2c",
        "version" : "5.84.0"
      }
    },
    {
      "identity" : "sentry-cocoa",
      "kind" : "remoteSourceControl",
      "location" : "https://github.com/getsentry/sentry-cocoa/",
      "state" : {
        "revision" : "f196cbb98e0388381d57908f2f5a9bdc385cde68",
        "version" : "8.58.4"
      }
    },
    {
      "identity" : "tiktok-business-ios-sdk",
      "kind" : "remoteSourceControl",
      "location" : "https://github.com/tiktok/tiktok-business-ios-sdk",
      "state" : {
        "revision" : "2f4d46081f573001d21a13d8afe70faae926c17b",
        "version" : "1.7.1"
      }
    }
  ],
  "version" : 3
}
