{
  "pins" : [
    {
      "identity" : "ios-branch-sdk-spm",
      "kind" : "remoteSourceControl",
      "location" : "https://github.com/BranchMetrics/ios-branch-sdk-spm.git",
      "state" : {
        "revision" : "e3b2b380f483ab16e072ad329c6e2c019a2e88c5",
        "version" : "3.10.0"
      }
    },
    {
      "identity" : "posthog-ios",
      "kind" : "remoteSourceControl",
      "location" : "https://github.com/PostHog/posthog-ios.git",
      "state" : {
        "revision" : "1b011434301250ca75098c40fecad9ba3d209307",
        "version" : "3.24.0"
      }
    },
    {
      "identity" : "purchases-ios-spm",
      "kind" : "remoteSourceControl",
      "location" : "https://github.com/RevenueCat/purchases-ios-spm.git",
      "state" : {
        "revision" : "83edd0bc139c5f7bbeda44a7fcdb0f115fee3441",
        "version" : "5.21.1"
      }
    }
  ],
  "version" : 2
}
